
Microsoft Visual Studio Solution File, Format Version 12.00
# Visual Studio Version 16
VisualStudioVersion = 16.0.30503.244
MinimumVisualStudioVersion = 10.0.40219.1
Project("{8BC9CEB8-8B4A-11D0-8D11-00A0C91BC942}") = "1 两个栈实现一个队列", "两个栈实现一个队列\两个栈实现一个队列.vcxproj", "{C15F1477-1CEC-4D06-ABB2-21B1652F751C}"
EndProject
Project("{8BC9CEB8-8B4A-11D0-8D11-00A0C91BC942}") = "2 两数相加", "2 两数相加\2 两数相加.vcxproj", "{3473992D-CD1C-4533-8122-B5097978C532}"
EndProject
Project("{8BC9CEB8-8B4A-11D0-8D11-00A0C91BC942}") = "3 判定字符是否唯一（程序员）", "3 判定字符是否唯一\3 判定字符是否唯一.vcxproj", "{9F9F21F2-6DE4-48C6-A401-557817B0063D}"
EndProject
Project("{8BC9CEB8-8B4A-11D0-8D11-00A0C91BC942}") = "4 判定是否为字母互排(程序员)", "4 判定是否为字母互排\4 判定是否为字母互排.vcxproj", "{50099960-7780-4A66-9D28-199DF6E5D876}"
EndProject
Project("{8BC9CEB8-8B4A-11D0-8D11-00A0C91BC942}") = "4 二维数组中的查找", "4 二维数组中的查找\4 二维数组中的查找.vcxproj", "{3548F293-1A93-43F7-B308-220C2E9879C1}"
EndProject
Project("{8BC9CEB8-8B4A-11D0-8D11-00A0C91BC942}") = "5 替换空格", "5 替换空格\5 替换空格.vcxproj", "{C3112C81-41F7-4311-A1D1-DF3EF78C7E7E}"
EndProject
Project("{8BC9CEB8-8B4A-11D0-8D11-00A0C91BC942}") = "6 从尾到头打印链表", "6 从尾到头打印链表\6 从尾到头打印链表.vcxproj", "{1EEB1F38-B99B-4C2A-9832-CC620069C517}"
EndProject
Project("{8BC9CEB8-8B4A-11D0-8D11-00A0C91BC942}") = "7 重建二叉树", "7 重建二叉树\7 重建二叉树.vcxproj", "{AB9EA5A2-6F1F-4BC3-96E8-DC14CD233DCC}"
EndProject
Project("{8BC9CEB8-8B4A-11D0-8D11-00A0C91BC942}") = "10 青蛙跳台阶问题", "10_2 青蛙跳台阶问题\10_2 青蛙跳台阶问题.vcxproj", "{9AD38251-727E-4EC3-BF0E-8DF0836626FC}"
EndProject
Project("{8BC9CEB8-8B4A-11D0-8D11-00A0C91BC942}") = "11 旋转数组的最小数字", "11 旋转数组的最小数字\11 旋转数组的最小数字.vcxproj", "{CC46C078-F569-41C7-A8E4-61CCCD917C79}"
EndProject
Project("{8BC9CEB8-8B4A-11D0-8D11-00A0C91BC942}") = "12 矩阵中的路径", "12 矩阵中的路径\12 矩阵中的路径.vcxproj", "{B8C0ACD6-F0C1-43D0-86E0-FE82716A41C3}"
EndProject
Project("{8BC9CEB8-8B4A-11D0-8D11-00A0C91BC942}") = "13 机器人的运动范围", "13 机器人的运动范围\13 机器人的运动范围.vcxproj", "{4C8FA0A1-25EF-48CF-AA96-0871AD673C3E}"
EndProject
Project("{8BC9CEB8-8B4A-11D0-8D11-00A0C91BC942}") = "二叉树的重建与遍历", "二叉树的重建与遍历\二叉树的重建与遍历.vcxproj", "{86A0B00B-E368-49D9-A6AE-202727D68673}"
EndProject
Project("{8BC9CEB8-8B4A-11D0-8D11-00A0C91BC942}") = "14 剪绳子", "14_1 剪绳子\14_1 剪绳子.vcxproj", "{852EA7E6-F4B6-4CA6-98E1-285EEC957DF8}"
EndProject
Project("{8BC9CEB8-8B4A-11D0-8D11-00A0C91BC942}") = "15 二进制中1的个数", "15 二进制中1的个数\15 二进制中1的个数.vcxproj", "{33D93AE5-10F0-40B8-81CA-50DAC178A306}"
EndProject
Project("{8BC9CEB8-8B4A-11D0-8D11-00A0C91BC942}") = "16 数值的整数次方", "16 数值的整数次方\16 数值的整数次方.vcxproj", "{DDB7A74B-2EF9-453E-A02B-1F7892CB6CA6}"
EndProject
Project("{8BC9CEB8-8B4A-11D0-8D11-00A0C91BC942}") = "3 数组中重复的元素", "3 数组中重复的元素\3 数组中重复的元素.vcxproj", "{C25792CC-1C33-4817-841F-CA8BA1ECD1D9}"
EndProject
Project("{8BC9CEB8-8B4A-11D0-8D11-00A0C91BC942}") = "17 打印从1到最大的n位数", "17 打印从1到最大的n位数\17 打印从1到最大的n位数.vcxproj", "{3BE75C4D-651C-453C-B392-A630BC372145}"
EndProject
Project("{8BC9CEB8-8B4A-11D0-8D11-00A0C91BC942}") = "22 链表中倒数第k个节点", "22 链表中倒数第k\22 链表中倒数第k.vcxproj", "{4239599F-6A0A-46E3-AA5B-3EFDB4F51B23}"
EndProject
Project("{8BC9CEB8-8B4A-11D0-8D11-00A0C91BC942}") = "21 调整数组顺序使奇数位于偶数前面", "21 调整数组顺序使奇数位于偶数前面\21 调整数组顺序使奇数位于偶数前面.vcxproj", "{11EC8272-A2AC-4B32-9252-7B11874980F1}"
EndProject
Project("{8BC9CEB8-8B4A-11D0-8D11-00A0C91BC942}") = "18 删除链表的节点", "18 删除链表的节点\18 删除链表的节点.vcxproj", "{AE655115-8276-4FC2-A321-F9EB9C537C9A}"
EndProject
Project("{8BC9CEB8-8B4A-11D0-8D11-00A0C91BC942}") = "24 反转链表", "24 反转链表\24 反转链表.vcxproj", "{73520B02-1008-47C0-A893-FA50A9D9471E}"
EndProject
Project("{8BC9CEB8-8B4A-11D0-8D11-00A0C91BC942}") = "25 合并两个排序的链表", "25 合并两个排序的链表\25 合并两个排序的链表.vcxproj", "{200C428F-AD4B-44B4-9354-91A998E4136C}"
EndProject
Project("{8BC9CEB8-8B4A-11D0-8D11-00A0C91BC942}") = "leetcode102 二叉树的层序遍历", "leetcode102 二叉树的层序遍历\leetcode102 二叉树的层序遍历.vcxproj", "{8BC670F9-C9A2-4DA8-B4E3-E87F1CEF2FD3}"
EndProject
Project("{8BC9CEB8-8B4A-11D0-8D11-00A0C91BC942}") = "57 和为s的两个数字", "57 和为s的两个数字\57 和为s的两个数字.vcxproj", "{689EF354-DB44-4F30-A20F-891BD3D0061B}"
EndProject
Project("{8BC9CEB8-8B4A-11D0-8D11-00A0C91BC942}") = "58 翻转单词顺序", "58 翻转单词顺序\58 翻转单词顺序.vcxproj", "{D3CC9033-787B-4F82-B805-0E9C720B69A8}"
EndProject
Project("{8BC9CEB8-8B4A-11D0-8D11-00A0C91BC942}") = "59 滑动窗口的最大值", "59 滑动窗口的最大值\59 滑动窗口的最大值.vcxproj", "{69C40717-B4A5-41AA-8F87-CEB7EB07F717}"
EndProject
Project("{8BC9CEB8-8B4A-11D0-8D11-00A0C91BC942}") = "60 n个骰子的点数", "60 n个骰子的点数\60 n个骰子的点数.vcxproj", "{EFCFC6E9-C2BD-469B-B323-0009787A2A2C}"
EndProject
Project("{8BC9CEB8-8B4A-11D0-8D11-00A0C91BC942}") = "61 扑克牌中的顺子", "61 扑克牌中的顺子\61 扑克牌中的顺子.vcxproj", "{F77494C6-18F6-46AD-BBAB-64C157EAAB64}"
EndProject
Project("{8BC9CEB8-8B4A-11D0-8D11-00A0C91BC942}") = "62 圆圈中最后剩下的数字", "62 圆圈中最后剩下的数字\62 圆圈中最后剩下的数字.vcxproj", "{63BC86E6-494B-424D-ADD7-01D35ED7E1BD}"
EndProject
Project("{8BC9CEB8-8B4A-11D0-8D11-00A0C91BC942}") = "63 股票的最大利润", "63 股票的最大利润\63 股票的最大利润.vcxproj", "{FBFB6DAE-C8D3-4FD1-8205-B7C15BB57A8C}"
EndProject
Project("{8BC9CEB8-8B4A-11D0-8D11-00A0C91BC942}") = "64 求1+2+…+n", "64 求1+2+…+n\64 求1+2+…+n.vcxproj", "{42154CF9-D731-4945-AEA9-8F53F1CFF24D}"
EndProject
Project("{8BC9CEB8-8B4A-11D0-8D11-00A0C91BC942}") = "65 不用加减乘除做加法", "65 不用加减乘除做加法\65 不用加减乘除做加法.vcxproj", "{5D74528E-F11A-4A5D-BAC9-4493421FE593}"
EndProject
Project("{8BC9CEB8-8B4A-11D0-8D11-00A0C91BC942}") = "1 两数之和", "1 两数之和\1 两数之和.vcxproj", "{4CA1D3B8-E127-4766-BE9B-4390133C1FF8}"
EndProject
Project("{8BC9CEB8-8B4A-11D0-8D11-00A0C91BC942}") = "26 树的子结构", "26 树的子结构\26 树的子结构.vcxproj", "{457629B8-51F1-4B3C-A22D-8DBFB028DCF1}"
EndProject
Project("{8BC9CEB8-8B4A-11D0-8D11-00A0C91BC942}") = "27 二叉树的镜像", "27 二叉树的镜像\27 二叉树的镜像.vcxproj", "{389DE677-25CE-42A2-9331-CEDEA389C52A}"
EndProject
Project("{8BC9CEB8-8B4A-11D0-8D11-00A0C91BC942}") = "28 对称的二叉树", "28 对称的二叉树\28 对称的二叉树.vcxproj", "{A4CD5CAD-ABE7-47BA-A40E-9D1FE4019B52}"
EndProject
Global
	GlobalSection(SolutionConfigurationPlatforms) = preSolution
		Debug|x64 = Debug|x64
		Debug|x86 = Debug|x86
		Release|x64 = Release|x64
		Release|x86 = Release|x86
	EndGlobalSection
	GlobalSection(ProjectConfigurationPlatforms) = postSolution
		{C15F1477-1CEC-4D06-ABB2-21B1652F751C}.Debug|x64.ActiveCfg = Debug|x64
		{C15F1477-1CEC-4D06-ABB2-21B1652F751C}.Debug|x64.Build.0 = Debug|x64
		{C15F1477-1CEC-4D06-ABB2-21B1652F751C}.Debug|x86.ActiveCfg = Debug|Win32
		{C15F1477-1CEC-4D06-ABB2-21B1652F751C}.Debug|x86.Build.0 = Debug|Win32
		{C15F1477-1CEC-4D06-ABB2-21B1652F751C}.Release|x64.ActiveCfg = Release|x64
		{C15F1477-1CEC-4D06-ABB2-21B1652F751C}.Release|x64.Build.0 = Release|x64
		{C15F1477-1CEC-4D06-ABB2-21B1652F751C}.Release|x86.ActiveCfg = Release|Win32
		{C15F1477-1CEC-4D06-ABB2-21B1652F751C}.Release|x86.Build.0 = Release|Win32
		{3473992D-CD1C-4533-8122-B5097978C532}.Debug|x64.ActiveCfg = Debug|x64
		{3473992D-CD1C-4533-8122-B5097978C532}.Debug|x64.Build.0 = Debug|x64
		{3473992D-CD1C-4533-8122-B5097978C532}.Debug|x86.ActiveCfg = Debug|Win32
		{3473992D-CD1C-4533-8122-B5097978C532}.Debug|x86.Build.0 = Debug|Win32
		{3473992D-CD1C-4533-8122-B5097978C532}.Release|x64.ActiveCfg = Release|x64
		{3473992D-CD1C-4533-8122-B5097978C532}.Release|x64.Build.0 = Release|x64
		{3473992D-CD1C-4533-8122-B5097978C532}.Release|x86.ActiveCfg = Release|Win32
		{3473992D-CD1C-4533-8122-B5097978C532}.Release|x86.Build.0 = Release|Win32
		{9F9F21F2-6DE4-48C6-A401-557817B0063D}.Debug|x64.ActiveCfg = Debug|x64
		{9F9F21F2-6DE4-48C6-A401-557817B0063D}.Debug|x64.Build.0 = Debug|x64
		{9F9F21F2-6DE4-48C6-A401-557817B0063D}.Debug|x86.ActiveCfg = Debug|Win32
		{9F9F21F2-6DE4-48C6-A401-557817B0063D}.Debug|x86.Build.0 = Debug|Win32
		{9F9F21F2-6DE4-48C6-A401-557817B0063D}.Release|x64.ActiveCfg = Release|x64
		{9F9F21F2-6DE4-48C6-A401-557817B0063D}.Release|x64.Build.0 = Release|x64
		{9F9F21F2-6DE4-48C6-A401-557817B0063D}.Release|x86.ActiveCfg = Release|Win32
		{9F9F21F2-6DE4-48C6-A401-557817B0063D}.Release|x86.Build.0 = Release|Win32
		{50099960-7780-4A66-9D28-199DF6E5D876}.Debug|x64.ActiveCfg = Debug|x64
		{50099960-7780-4A66-9D28-199DF6E5D876}.Debug|x64.Build.0 = Debug|x64
		{50099960-7780-4A66-9D28-199DF6E5D876}.Debug|x86.ActiveCfg = Debug|Win32
		{50099960-7780-4A66-9D28-199DF6E5D876}.Debug|x86.Build.0 = Debug|Win32
		{50099960-7780-4A66-9D28-199DF6E5D876}.Release|x64.ActiveCfg = Release|x64
		{50099960-7780-4A66-9D28-199DF6E5D876}.Release|x64.Build.0 = Release|x64
		{50099960-7780-4A66-9D28-199DF6E5D876}.Release|x86.ActiveCfg = Release|Win32
		{50099960-7780-4A66-9D28-199DF6E5D876}.Release|x86.Build.0 = Release|Win32
		{3548F293-1A93-43F7-B308-220C2E9879C1}.Debug|x64.ActiveCfg = Debug|x64
		{3548F293-1A93-43F7-B308-220C2E9879C1}.Debug|x64.Build.0 = Debug|x64
		{3548F293-1A93-43F7-B308-220C2E9879C1}.Debug|x86.ActiveCfg = Debug|Win32
		{3548F293-1A93-43F7-B308-220C2E9879C1}.Debug|x86.Build.0 = Debug|Win32
		{3548F293-1A93-43F7-B308-220C2E9879C1}.Release|x64.ActiveCfg = Release|x64
		{3548F293-1A93-43F7-B308-220C2E9879C1}.Release|x64.Build.0 = Release|x64
		{3548F293-1A93-43F7-B308-220C2E9879C1}.Release|x86.ActiveCfg = Release|Win32
		{3548F293-1A93-43F7-B308-220C2E9879C1}.Release|x86.Build.0 = Release|Win32
		{C3112C81-41F7-4311-A1D1-DF3EF78C7E7E}.Debug|x64.ActiveCfg = Debug|x64
		{C3112C81-41F7-4311-A1D1-DF3EF78C7E7E}.Debug|x64.Build.0 = Debug|x64
		{C3112C81-41F7-4311-A1D1-DF3EF78C7E7E}.Debug|x86.ActiveCfg = Debug|Win32
		{C3112C81-41F7-4311-A1D1-DF3EF78C7E7E}.Debug|x86.Build.0 = Debug|Win32
		{C3112C81-41F7-4311-A1D1-DF3EF78C7E7E}.Release|x64.ActiveCfg = Release|x64
		{C3112C81-41F7-4311-A1D1-DF3EF78C7E7E}.Release|x64.Build.0 = Release|x64
		{C3112C81-41F7-4311-A1D1-DF3EF78C7E7E}.Release|x86.ActiveCfg = Release|Win32
		{C3112C81-41F7-4311-A1D1-DF3EF78C7E7E}.Release|x86.Build.0 = Release|Win32
		{1EEB1F38-B99B-4C2A-9832-CC620069C517}.Debug|x64.ActiveCfg = Debug|x64
		{1EEB1F38-B99B-4C2A-9832-CC620069C517}.Debug|x64.Build.0 = Debug|x64
		{1EEB1F38-B99B-4C2A-9832-CC620069C517}.Debug|x86.ActiveCfg = Debug|Win32
		{1EEB1F38-B99B-4C2A-9832-CC620069C517}.Debug|x86.Build.0 = Debug|Win32
		{1EEB1F38-B99B-4C2A-9832-CC620069C517}.Release|x64.ActiveCfg = Release|x64
		{1EEB1F38-B99B-4C2A-9832-CC620069C517}.Release|x64.Build.0 = Release|x64
		{1EEB1F38-B99B-4C2A-9832-CC620069C517}.Release|x86.ActiveCfg = Release|Win32
		{1EEB1F38-B99B-4C2A-9832-CC620069C517}.Release|x86.Build.0 = Release|Win32
		{AB9EA5A2-6F1F-4BC3-96E8-DC14CD233DCC}.Debug|x64.ActiveCfg = Debug|x64
		{AB9EA5A2-6F1F-4BC3-96E8-DC14CD233DCC}.Debug|x64.Build.0 = Debug|x64
		{AB9EA5A2-6F1F-4BC3-96E8-DC14CD233DCC}.Debug|x86.ActiveCfg = Debug|Win32
		{AB9EA5A2-6F1F-4BC3-96E8-DC14CD233DCC}.Debug|x86.Build.0 = Debug|Win32
		{AB9EA5A2-6F1F-4BC3-96E8-DC14CD233DCC}.Release|x64.ActiveCfg = Release|x64
		{AB9EA5A2-6F1F-4BC3-96E8-DC14CD233DCC}.Release|x64.Build.0 = Release|x64
		{AB9EA5A2-6F1F-4BC3-96E8-DC14CD233DCC}.Release|x86.ActiveCfg = Release|Win32
		{AB9EA5A2-6F1F-4BC3-96E8-DC14CD233DCC}.Release|x86.Build.0 = Release|Win32
		{9AD38251-727E-4EC3-BF0E-8DF0836626FC}.Debug|x64.ActiveCfg = Debug|x64
		{9AD38251-727E-4EC3-BF0E-8DF0836626FC}.Debug|x64.Build.0 = Debug|x64
		{9AD38251-727E-4EC3-BF0E-8DF0836626FC}.Debug|x86.ActiveCfg = Debug|Win32
		{9AD38251-727E-4EC3-BF0E-8DF0836626FC}.Debug|x86.Build.0 = Debug|Win32
		{9AD38251-727E-4EC3-BF0E-8DF0836626FC}.Release|x64.ActiveCfg = Release|x64
		{9AD38251-727E-4EC3-BF0E-8DF0836626FC}.Release|x64.Build.0 = Release|x64
		{9AD38251-727E-4EC3-BF0E-8DF0836626FC}.Release|x86.ActiveCfg = Release|Win32
		{9AD38251-727E-4EC3-BF0E-8DF0836626FC}.Release|x86.Build.0 = Release|Win32
		{CC46C078-F569-41C7-A8E4-61CCCD917C79}.Debug|x64.ActiveCfg = Debug|x64
		{CC46C078-F569-41C7-A8E4-61CCCD917C79}.Debug|x64.Build.0 = Debug|x64
		{CC46C078-F569-41C7-A8E4-61CCCD917C79}.Debug|x86.ActiveCfg = Debug|Win32
		{CC46C078-F569-41C7-A8E4-61CCCD917C79}.Debug|x86.Build.0 = Debug|Win32
		{CC46C078-F569-41C7-A8E4-61CCCD917C79}.Release|x64.ActiveCfg = Release|x64
		{CC46C078-F569-41C7-A8E4-61CCCD917C79}.Release|x64.Build.0 = Release|x64
		{CC46C078-F569-41C7-A8E4-61CCCD917C79}.Release|x86.ActiveCfg = Release|Win32
		{CC46C078-F569-41C7-A8E4-61CCCD917C79}.Release|x86.Build.0 = Release|Win32
		{B8C0ACD6-F0C1-43D0-86E0-FE82716A41C3}.Debug|x64.ActiveCfg = Debug|x64
		{B8C0ACD6-F0C1-43D0-86E0-FE82716A41C3}.Debug|x64.Build.0 = Debug|x64
		{B8C0ACD6-F0C1-43D0-86E0-FE82716A41C3}.Debug|x86.ActiveCfg = Debug|Win32
		{B8C0ACD6-F0C1-43D0-86E0-FE82716A41C3}.Debug|x86.Build.0 = Debug|Win32
		{B8C0ACD6-F0C1-43D0-86E0-FE82716A41C3}.Release|x64.ActiveCfg = Release|x64
		{B8C0ACD6-F0C1-43D0-86E0-FE82716A41C3}.Release|x64.Build.0 = Release|x64
		{B8C0ACD6-F0C1-43D0-86E0-FE82716A41C3}.Release|x86.ActiveCfg = Release|Win32
		{B8C0ACD6-F0C1-43D0-86E0-FE82716A41C3}.Release|x86.Build.0 = Release|Win32
		{4C8FA0A1-25EF-48CF-AA96-0871AD673C3E}.Debug|x64.ActiveCfg = Debug|x64
		{4C8FA0A1-25EF-48CF-AA96-0871AD673C3E}.Debug|x64.Build.0 = Debug|x64
		{4C8FA0A1-25EF-48CF-AA96-0871AD673C3E}.Debug|x86.ActiveCfg = Debug|Win32
		{4C8FA0A1-25EF-48CF-AA96-0871AD673C3E}.Debug|x86.Build.0 = Debug|Win32
		{4C8FA0A1-25EF-48CF-AA96-0871AD673C3E}.Release|x64.ActiveCfg = Release|x64
		{4C8FA0A1-25EF-48CF-AA96-0871AD673C3E}.Release|x64.Build.0 = Release|x64
		{4C8FA0A1-25EF-48CF-AA96-0871AD673C3E}.Release|x86.ActiveCfg = Release|Win32
		{4C8FA0A1-25EF-48CF-AA96-0871AD673C3E}.Release|x86.Build.0 = Release|Win32
		{86A0B00B-E368-49D9-A6AE-202727D68673}.Debug|x64.ActiveCfg = Debug|x64
		{86A0B00B-E368-49D9-A6AE-202727D68673}.Debug|x64.Build.0 = Debug|x64
		{86A0B00B-E368-49D9-A6AE-202727D68673}.Debug|x86.ActiveCfg = Debug|Win32
		{86A0B00B-E368-49D9-A6AE-202727D68673}.Debug|x86.Build.0 = Debug|Win32
		{86A0B00B-E368-49D9-A6AE-202727D68673}.Release|x64.ActiveCfg = Release|x64
		{86A0B00B-E368-49D9-A6AE-202727D68673}.Release|x64.Build.0 = Release|x64
		{86A0B00B-E368-49D9-A6AE-202727D68673}.Release|x86.ActiveCfg = Release|Win32
		{86A0B00B-E368-49D9-A6AE-202727D68673}.Release|x86.Build.0 = Release|Win32
		{852EA7E6-F4B6-4CA6-98E1-285EEC957DF8}.Debug|x64.ActiveCfg = Debug|x64
		{852EA7E6-F4B6-4CA6-98E1-285EEC957DF8}.Debug|x64.Build.0 = Debug|x64
		{852EA7E6-F4B6-4CA6-98E1-285EEC957DF8}.Debug|x86.ActiveCfg = Debug|Win32
		{852EA7E6-F4B6-4CA6-98E1-285EEC957DF8}.Debug|x86.Build.0 = Debug|Win32
		{852EA7E6-F4B6-4CA6-98E1-285EEC957DF8}.Release|x64.ActiveCfg = Release|x64
		{852EA7E6-F4B6-4CA6-98E1-285EEC957DF8}.Release|x64.Build.0 = Release|x64
		{852EA7E6-F4B6-4CA6-98E1-285EEC957DF8}.Release|x86.ActiveCfg = Release|Win32
		{852EA7E6-F4B6-4CA6-98E1-285EEC957DF8}.Release|x86.Build.0 = Release|Win32
		{33D93AE5-10F0-40B8-81CA-50DAC178A306}.Debug|x64.ActiveCfg = Debug|x64
		{33D93AE5-10F0-40B8-81CA-50DAC178A306}.Debug|x64.Build.0 = Debug|x64
		{33D93AE5-10F0-40B8-81CA-50DAC178A306}.Debug|x86.ActiveCfg = Debug|Win32
		{33D93AE5-10F0-40B8-81CA-50DAC178A306}.Debug|x86.Build.0 = Debug|Win32
		{33D93AE5-10F0-40B8-81CA-50DAC178A306}.Release|x64.ActiveCfg = Release|x64
		{33D93AE5-10F0-40B8-81CA-50DAC178A306}.Release|x64.Build.0 = Release|x64
		{33D93AE5-10F0-40B8-81CA-50DAC178A306}.Release|x86.ActiveCfg = Release|Win32
		{33D93AE5-10F0-40B8-81CA-50DAC178A306}.Release|x86.Build.0 = Release|Win32
		{DDB7A74B-2EF9-453E-A02B-1F7892CB6CA6}.Debug|x64.ActiveCfg = Debug|x64
		{DDB7A74B-2EF9-453E-A02B-1F7892CB6CA6}.Debug|x64.Build.0 = Debug|x64
		{DDB7A74B-2EF9-453E-A02B-1F7892CB6CA6}.Debug|x86.ActiveCfg = Debug|Win32
		{DDB7A74B-2EF9-453E-A02B-1F7892CB6CA6}.Debug|x86.Build.0 = Debug|Win32
		{DDB7A74B-2EF9-453E-A02B-1F7892CB6CA6}.Release|x64.ActiveCfg = Release|x64
		{DDB7A74B-2EF9-453E-A02B-1F7892CB6CA6}.Release|x64.Build.0 = Release|x64
		{DDB7A74B-2EF9-453E-A02B-1F7892CB6CA6}.Release|x86.ActiveCfg = Release|Win32
		{DDB7A74B-2EF9-453E-A02B-1F7892CB6CA6}.Release|x86.Build.0 = Release|Win32
		{C25792CC-1C33-4817-841F-CA8BA1ECD1D9}.Debug|x64.ActiveCfg = Debug|x64
		{C25792CC-1C33-4817-841F-CA8BA1ECD1D9}.Debug|x64.Build.0 = Debug|x64
		{C25792CC-1C33-4817-841F-CA8BA1ECD1D9}.Debug|x86.ActiveCfg = Debug|Win32
		{C25792CC-1C33-4817-841F-CA8BA1ECD1D9}.Debug|x86.Build.0 = Debug|Win32
		{C25792CC-1C33-4817-841F-CA8BA1ECD1D9}.Release|x64.ActiveCfg = Release|x64
		{C25792CC-1C33-4817-841F-CA8BA1ECD1D9}.Release|x64.Build.0 = Release|x64
		{C25792CC-1C33-4817-841F-CA8BA1ECD1D9}.Release|x86.ActiveCfg = Release|Win32
		{C25792CC-1C33-4817-841F-CA8BA1ECD1D9}.Release|x86.Build.0 = Release|Win32
		{3BE75C4D-651C-453C-B392-A630BC372145}.Debug|x64.ActiveCfg = Debug|x64
		{3BE75C4D-651C-453C-B392-A630BC372145}.Debug|x64.Build.0 = Debug|x64
		{3BE75C4D-651C-453C-B392-A630BC372145}.Debug|x86.ActiveCfg = Debug|Win32
		{3BE75C4D-651C-453C-B392-A630BC372145}.Debug|x86.Build.0 = Debug|Win32
		{3BE75C4D-651C-453C-B392-A630BC372145}.Release|x64.ActiveCfg = Release|x64
		{3BE75C4D-651C-453C-B392-A630BC372145}.Release|x64.Build.0 = Release|x64
		{3BE75C4D-651C-453C-B392-A630BC372145}.Release|x86.ActiveCfg = Release|Win32
		{3BE75C4D-651C-453C-B392-A630BC372145}.Release|x86.Build.0 = Release|Win32
		{4239599F-6A0A-46E3-AA5B-3EFDB4F51B23}.Debug|x64.ActiveCfg = Debug|x64
		{4239599F-6A0A-46E3-AA5B-3EFDB4F51B23}.Debug|x64.Build.0 = Debug|x64
		{4239599F-6A0A-46E3-AA5B-3EFDB4F51B23}.Debug|x86.ActiveCfg = Debug|Win32
		{4239599F-6A0A-46E3-AA5B-3EFDB4F51B23}.Debug|x86.Build.0 = Debug|Win32
		{4239599F-6A0A-46E3-AA5B-3EFDB4F51B23}.Release|x64.ActiveCfg = Release|x64
		{4239599F-6A0A-46E3-AA5B-3EFDB4F51B23}.Release|x64.Build.0 = Release|x64
		{4239599F-6A0A-46E3-AA5B-3EFDB4F51B23}.Release|x86.ActiveCfg = Release|Win32
		{4239599F-6A0A-46E3-AA5B-3EFDB4F51B23}.Release|x86.Build.0 = Release|Win32
		{11EC8272-A2AC-4B32-9252-7B11874980F1}.Debug|x64.ActiveCfg = Debug|x64
		{11EC8272-A2AC-4B32-9252-7B11874980F1}.Debug|x64.Build.0 = Debug|x64
		{11EC8272-A2AC-4B32-9252-7B11874980F1}.Debug|x86.ActiveCfg = Debug|Win32
		{11EC8272-A2AC-4B32-9252-7B11874980F1}.Debug|x86.Build.0 = Debug|Win32
		{11EC8272-A2AC-4B32-9252-7B11874980F1}.Release|x64.ActiveCfg = Release|x64
		{11EC8272-A2AC-4B32-9252-7B11874980F1}.Release|x64.Build.0 = Release|x64
		{11EC8272-A2AC-4B32-9252-7B11874980F1}.Release|x86.ActiveCfg = Release|Win32
		{11EC8272-A2AC-4B32-9252-7B11874980F1}.Release|x86.Build.0 = Release|Win32
		{AE655115-8276-4FC2-A321-F9EB9C537C9A}.Debug|x64.ActiveCfg = Debug|x64
		{AE655115-8276-4FC2-A321-F9EB9C537C9A}.Debug|x64.Build.0 = Debug|x64
		{AE655115-8276-4FC2-A321-F9EB9C537C9A}.Debug|x86.ActiveCfg = Debug|Win32
		{AE655115-8276-4FC2-A321-F9EB9C537C9A}.Debug|x86.Build.0 = Debug|Win32
		{AE655115-8276-4FC2-A321-F9EB9C537C9A}.Release|x64.ActiveCfg = Release|x64
		{AE655115-8276-4FC2-A321-F9EB9C537C9A}.Release|x64.Build.0 = Release|x64
		{AE655115-8276-4FC2-A321-F9EB9C537C9A}.Release|x86.ActiveCfg = Release|Win32
		{AE655115-8276-4FC2-A321-F9EB9C537C9A}.Release|x86.Build.0 = Release|Win32
		{73520B02-1008-47C0-A893-FA50A9D9471E}.Debug|x64.ActiveCfg = Debug|x64
		{73520B02-1008-47C0-A893-FA50A9D9471E}.Debug|x64.Build.0 = Debug|x64
		{73520B02-1008-47C0-A893-FA50A9D9471E}.Debug|x86.ActiveCfg = Debug|Win32
		{73520B02-1008-47C0-A893-FA50A9D9471E}.Debug|x86.Build.0 = Debug|Win32
		{73520B02-1008-47C0-A893-FA50A9D9471E}.Release|x64.ActiveCfg = Release|x64
		{73520B02-1008-47C0-A893-FA50A9D9471E}.Release|x64.Build.0 = Release|x64
		{73520B02-1008-47C0-A893-FA50A9D9471E}.Release|x86.ActiveCfg = Release|Win32
		{73520B02-1008-47C0-A893-FA50A9D9471E}.Release|x86.Build.0 = Release|Win32
		{200C428F-AD4B-44B4-9354-91A998E4136C}.Debug|x64.ActiveCfg = Debug|x64
		{200C428F-AD4B-44B4-9354-91A998E4136C}.Debug|x64.Build.0 = Debug|x64
		{200C428F-AD4B-44B4-9354-91A998E4136C}.Debug|x86.ActiveCfg = Debug|Win32
		{200C428F-AD4B-44B4-9354-91A998E4136C}.Debug|x86.Build.0 = Debug|Win32
		{200C428F-AD4B-44B4-9354-91A998E4136C}.Release|x64.ActiveCfg = Release|x64
		{200C428F-AD4B-44B4-9354-91A998E4136C}.Release|x64.Build.0 = Release|x64
		{200C428F-AD4B-44B4-9354-91A998E4136C}.Release|x86.ActiveCfg = Release|Win32
		{200C428F-AD4B-44B4-9354-91A998E4136C}.Release|x86.Build.0 = Release|Win32
		{8BC670F9-C9A2-4DA8-B4E3-E87F1CEF2FD3}.Debug|x64.ActiveCfg = Debug|x64
		{8BC670F9-C9A2-4DA8-B4E3-E87F1CEF2FD3}.Debug|x64.Build.0 = Debug|x64
		{8BC670F9-C9A2-4DA8-B4E3-E87F1CEF2FD3}.Debug|x86.ActiveCfg = Debug|Win32
		{8BC670F9-C9A2-4DA8-B4E3-E87F1CEF2FD3}.Debug|x86.Build.0 = Debug|Win32
		{8BC670F9-C9A2-4DA8-B4E3-E87F1CEF2FD3}.Release|x64.ActiveCfg = Release|x64
		{8BC670F9-C9A2-4DA8-B4E3-E87F1CEF2FD3}.Release|x64.Build.0 = Release|x64
		{8BC670F9-C9A2-4DA8-B4E3-E87F1CEF2FD3}.Release|x86.ActiveCfg = Release|Win32
		{8BC670F9-C9A2-4DA8-B4E3-E87F1CEF2FD3}.Release|x86.Build.0 = Release|Win32
		{689EF354-DB44-4F30-A20F-891BD3D0061B}.Debug|x64.ActiveCfg = Debug|x64
		{689EF354-DB44-4F30-A20F-891BD3D0061B}.Debug|x64.Build.0 = Debug|x64
		{689EF354-DB44-4F30-A20F-891BD3D0061B}.Debug|x86.ActiveCfg = Debug|Win32
		{689EF354-DB44-4F30-A20F-891BD3D0061B}.Debug|x86.Build.0 = Debug|Win32
		{689EF354-DB44-4F30-A20F-891BD3D0061B}.Release|x64.ActiveCfg = Release|x64
		{689EF354-DB44-4F30-A20F-891BD3D0061B}.Release|x64.Build.0 = Release|x64
		{689EF354-DB44-4F30-A20F-891BD3D0061B}.Release|x86.ActiveCfg = Release|Win32
		{689EF354-DB44-4F30-A20F-891BD3D0061B}.Release|x86.Build.0 = Release|Win32
		{D3CC9033-787B-4F82-B805-0E9C720B69A8}.Debug|x64.ActiveCfg = Debug|x64
		{D3CC9033-787B-4F82-B805-0E9C720B69A8}.Debug|x64.Build.0 = Debug|x64
		{D3CC9033-787B-4F82-B805-0E9C720B69A8}.Debug|x86.ActiveCfg = Debug|Win32
		{D3CC9033-787B-4F82-B805-0E9C720B69A8}.Debug|x86.Build.0 = Debug|Win32
		{D3CC9033-787B-4F82-B805-0E9C720B69A8}.Release|x64.ActiveCfg = Release|x64
		{D3CC9033-787B-4F82-B805-0E9C720B69A8}.Release|x64.Build.0 = Release|x64
		{D3CC9033-787B-4F82-B805-0E9C720B69A8}.Release|x86.ActiveCfg = Release|Win32
		{D3CC9033-787B-4F82-B805-0E9C720B69A8}.Release|x86.Build.0 = Release|Win32
		{69C40717-B4A5-41AA-8F87-CEB7EB07F717}.Debug|x64.ActiveCfg = Debug|x64
		{69C40717-B4A5-41AA-8F87-CEB7EB07F717}.Debug|x64.Build.0 = Debug|x64
		{69C40717-B4A5-41AA-8F87-CEB7EB07F717}.Debug|x86.ActiveCfg = Debug|Win32
		{69C40717-B4A5-41AA-8F87-CEB7EB07F717}.Debug|x86.Build.0 = Debug|Win32
		{69C40717-B4A5-41AA-8F87-CEB7EB07F717}.Release|x64.ActiveCfg = Release|x64
		{69C40717-B4A5-41AA-8F87-CEB7EB07F717}.Release|x64.Build.0 = Release|x64
		{69C40717-B4A5-41AA-8F87-CEB7EB07F717}.Release|x86.ActiveCfg = Release|Win32
		{69C40717-B4A5-41AA-8F87-CEB7EB07F717}.Release|x86.Build.0 = Release|Win32
		{EFCFC6E9-C2BD-469B-B323-0009787A2A2C}.Debug|x64.ActiveCfg = Debug|x64
		{EFCFC6E9-C2BD-469B-B323-0009787A2A2C}.Debug|x64.Build.0 = Debug|x64
		{EFCFC6E9-C2BD-469B-B323-0009787A2A2C}.Debug|x86.ActiveCfg = Debug|Win32
		{EFCFC6E9-C2BD-469B-B323-0009787A2A2C}.Debug|x86.Build.0 = Debug|Win32
		{EFCFC6E9-C2BD-469B-B323-0009787A2A2C}.Release|x64.ActiveCfg = Release|x64
		{EFCFC6E9-C2BD-469B-B323-0009787A2A2C}.Release|x64.Build.0 = Release|x64
		{EFCFC6E9-C2BD-469B-B323-0009787A2A2C}.Release|x86.ActiveCfg = Release|Win32
		{EFCFC6E9-C2BD-469B-B323-0009787A2A2C}.Release|x86.Build.0 = Release|Win32
		{F77494C6-18F6-46AD-BBAB-64C157EAAB64}.Debug|x64.ActiveCfg = Debug|x64
		{F77494C6-18F6-46AD-BBAB-64C157EAAB64}.Debug|x64.Build.0 = Debug|x64
		{F77494C6-18F6-46AD-BBAB-64C157EAAB64}.Debug|x86.ActiveCfg = Debug|Win32
		{F77494C6-18F6-46AD-BBAB-64C157EAAB64}.Debug|x86.Build.0 = Debug|Win32
		{F77494C6-18F6-46AD-BBAB-64C157EAAB64}.Release|x64.ActiveCfg = Release|x64
		{F77494C6-18F6-46AD-BBAB-64C157EAAB64}.Release|x64.Build.0 = Release|x64
		{F77494C6-18F6-46AD-BBAB-64C157EAAB64}.Release|x86.ActiveCfg = Release|Win32
		{F77494C6-18F6-46AD-BBAB-64C157EAAB64}.Release|x86.Build.0 = Release|Win32
		{63BC86E6-494B-424D-ADD7-01D35ED7E1BD}.Debug|x64.ActiveCfg = Debug|x64
		{63BC86E6-494B-424D-ADD7-01D35ED7E1BD}.Debug|x64.Build.0 = Debug|x64
		{63BC86E6-494B-424D-ADD7-01D35ED7E1BD}.Debug|x86.ActiveCfg = Debug|Win32
		{63BC86E6-494B-424D-ADD7-01D35ED7E1BD}.Debug|x86.Build.0 = Debug|Win32
		{63BC86E6-494B-424D-ADD7-01D35ED7E1BD}.Release|x64.ActiveCfg = Release|x64
		{63BC86E6-494B-424D-ADD7-01D35ED7E1BD}.Release|x64.Build.0 = Release|x64
		{63BC86E6-494B-424D-ADD7-01D35ED7E1BD}.Release|x86.ActiveCfg = Release|Win32
		{63BC86E6-494B-424D-ADD7-01D35ED7E1BD}.Release|x86.Build.0 = Release|Win32
		{FBFB6DAE-C8D3-4FD1-8205-B7C15BB57A8C}.Debug|x64.ActiveCfg = Debug|x64
		{FBFB6DAE-C8D3-4FD1-8205-B7C15BB57A8C}.Debug|x64.Build.0 = Debug|x64
		{FBFB6DAE-C8D3-4FD1-8205-B7C15BB57A8C}.Debug|x86.ActiveCfg = Debug|Win32
		{FBFB6DAE-C8D3-4FD1-8205-B7C15BB57A8C}.Debug|x86.Build.0 = Debug|Win32
		{FBFB6DAE-C8D3-4FD1-8205-B7C15BB57A8C}.Release|x64.ActiveCfg = Release|x64
		{FBFB6DAE-C8D3-4FD1-8205-B7C15BB57A8C}.Release|x64.Build.0 = Release|x64
		{FBFB6DAE-C8D3-4FD1-8205-B7C15BB57A8C}.Release|x86.ActiveCfg = Release|Win32
		{FBFB6DAE-C8D3-4FD1-8205-B7C15BB57A8C}.Release|x86.Build.0 = Release|Win32
		{42154CF9-D731-4945-AEA9-8F53F1CFF24D}.Debug|x64.ActiveCfg = Debug|x64
		{42154CF9-D731-4945-AEA9-8F53F1CFF24D}.Debug|x64.Build.0 = Debug|x64
		{42154CF9-D731-4945-AEA9-8F53F1CFF24D}.Debug|x86.ActiveCfg = Debug|Win32
		{42154CF9-D731-4945-AEA9-8F53F1CFF24D}.Debug|x86.Build.0 = Debug|Win32
		{42154CF9-D731-4945-AEA9-8F53F1CFF24D}.Release|x64.ActiveCfg = Release|x64
		{42154CF9-D731-4945-AEA9-8F53F1CFF24D}.Release|x64.Build.0 = Release|x64
		{42154CF9-D731-4945-AEA9-8F53F1CFF24D}.Release|x86.ActiveCfg = Release|Win32
		{42154CF9-D731-4945-AEA9-8F53F1CFF24D}.Release|x86.Build.0 = Release|Win32
		{5D74528E-F11A-4A5D-BAC9-4493421FE593}.Debug|x64.ActiveCfg = Debug|x64
		{5D74528E-F11A-4A5D-BAC9-4493421FE593}.Debug|x64.Build.0 = Debug|x64
		{5D74528E-F11A-4A5D-BAC9-4493421FE593}.Debug|x86.ActiveCfg = Debug|Win32
		{5D74528E-F11A-4A5D-BAC9-4493421FE593}.Debug|x86.Build.0 = Debug|Win32
		{5D74528E-F11A-4A5D-BAC9-4493421FE593}.Release|x64.ActiveCfg = Release|x64
		{5D74528E-F11A-4A5D-BAC9-4493421FE593}.Release|x64.Build.0 = Release|x64
		{5D74528E-F11A-4A5D-BAC9-4493421FE593}.Release|x86.ActiveCfg = Release|Win32
		{5D74528E-F11A-4A5D-BAC9-4493421FE593}.Release|x86.Build.0 = Release|Win32
		{4CA1D3B8-E127-4766-BE9B-4390133C1FF8}.Debug|x64.ActiveCfg = Debug|x64
		{4CA1D3B8-E127-4766-BE9B-4390133C1FF8}.Debug|x64.Build.0 = Debug|x64
		{4CA1D3B8-E127-4766-BE9B-4390133C1FF8}.Debug|x86.ActiveCfg = Debug|Win32
		{4CA1D3B8-E127-4766-BE9B-4390133C1FF8}.Debug|x86.Build.0 = Debug|Win32
		{4CA1D3B8-E127-4766-BE9B-4390133C1FF8}.Release|x64.ActiveCfg = Release|x64
		{4CA1D3B8-E127-4766-BE9B-4390133C1FF8}.Release|x64.Build.0 = Release|x64
		{4CA1D3B8-E127-4766-BE9B-4390133C1FF8}.Release|x86.ActiveCfg = Release|Win32
		{4CA1D3B8-E127-4766-BE9B-4390133C1FF8}.Release|x86.Build.0 = Release|Win32
		{457629B8-51F1-4B3C-A22D-8DBFB028DCF1}.Debug|x64.ActiveCfg = Debug|x64
		{457629B8-51F1-4B3C-A22D-8DBFB028DCF1}.Debug|x64.Build.0 = Debug|x64
		{457629B8-51F1-4B3C-A22D-8DBFB028DCF1}.Debug|x86.ActiveCfg = Debug|Win32
		{457629B8-51F1-4B3C-A22D-8DBFB028DCF1}.Debug|x86.Build.0 = Debug|Win32
		{457629B8-51F1-4B3C-A22D-8DBFB028DCF1}.Release|x64.ActiveCfg = Release|x64
		{457629B8-51F1-4B3C-A22D-8DBFB028DCF1}.Release|x64.Build.0 = Release|x64
		{457629B8-51F1-4B3C-A22D-8DBFB028DCF1}.Release|x86.ActiveCfg = Release|Win32
		{457629B8-51F1-4B3C-A22D-8DBFB028DCF1}.Release|x86.Build.0 = Release|Win32
		{389DE677-25CE-42A2-9331-CEDEA389C52A}.Debug|x64.ActiveCfg = Debug|x64
		{389DE677-25CE-42A2-9331-CEDEA389C52A}.Debug|x64.Build.0 = Debug|x64
		{389DE677-25CE-42A2-9331-CEDEA389C52A}.Debug|x86.ActiveCfg = Debug|Win32
		{389DE677-25CE-42A2-9331-CEDEA389C52A}.Debug|x86.Build.0 = Debug|Win32
		{389DE677-25CE-42A2-9331-CEDEA389C52A}.Release|x64.ActiveCfg = Release|x64
		{389DE677-25CE-42A2-9331-CEDEA389C52A}.Release|x64.Build.0 = Release|x64
		{389DE677-25CE-42A2-9331-CEDEA389C52A}.Release|x86.ActiveCfg = Release|Win32
		{389DE677-25CE-42A2-9331-CEDEA389C52A}.Release|x86.Build.0 = Release|Win32
		{A4CD5CAD-ABE7-47BA-A40E-9D1FE4019B52}.Debug|x64.ActiveCfg = Debug|x64
		{A4CD5CAD-ABE7-47BA-A40E-9D1FE4019B52}.Debug|x64.Build.0 = Debug|x64
		{A4CD5CAD-ABE7-47BA-A40E-9D1FE4019B52}.Debug|x86.ActiveCfg = Debug|Win32
		{A4CD5CAD-ABE7-47BA-A40E-9D1FE4019B52}.Debug|x86.Build.0 = Debug|Win32
		{A4CD5CAD-ABE7-47BA-A40E-9D1FE4019B52}.Release|x64.ActiveCfg = Release|x64
		{A4CD5CAD-ABE7-47BA-A40E-9D1FE4019B52}.Release|x64.Build.0 = Release|x64
		{A4CD5CAD-ABE7-47BA-A40E-9D1FE4019B52}.Release|x86.ActiveCfg = Release|Win32
		{A4CD5CAD-ABE7-47BA-A40E-9D1FE4019B52}.Release|x86.Build.0 = Release|Win32
	EndGlobalSection
	GlobalSection(SolutionProperties) = preSolution
		HideSolutionNode = FALSE
	EndGlobalSection
	GlobalSection(ExtensibilityGlobals) = postSolution
		SolutionGuid = {D292EB85-EA8F-4925-8B76-500AAEE35AF4}
	EndGlobalSection
EndGlobal
