
Microsoft Visual Studio Solution File, Format Version 12.00
# Visual Studio Version 16
VisualStudioVersion = 16.0.30503.244
MinimumVisualStudioVersion = 10.0.40219.1
Project("{8BC9CEB8-8B4A-11D0-8D11-00A0C91BC942}") = "1 两个栈实现一个队列", "两个栈实现一个队列\两个栈实现一个队列.vcxproj", "{C15F1477-1CEC-4D06-ABB2-21B1652F751C}"
EndProject
Project("{8BC9CEB8-8B4A-11D0-8D11-00A0C91BC942}") = "2 两数相加", "2 两数相加\2 两数相加.vcxproj", "{3473992D-CD1C-4533-8122-B5097978C532}"
EndProject
Project("{8BC9CEB8-8B4A-11D0-8D11-00A0C91BC942}") = "3 判定字符是否唯一（程序员）", "3 判定字符是否唯一\3 判定字符是否唯一.vcxproj", "{9F9F21F2-6DE4-48C6-A401-557817B0063D}"
EndProject
Project("{8BC9CEB8-8B4A-11D0-8D11-00A0C91BC942}") = "4 判定是否为字母互排(程序员)", "4 判定是否为字母互排\4 判定是否为字母互排.vcxproj", "{50099960-7780-4A66-9D28-199DF6E5D876}"
EndProject
Project("{8BC9CEB8-8B4A-11D0-8D11-00A0C91BC942}") = "4 二维数组中的查找", "4 二维数组中的查找\4 二维数组中的查找.vcxproj", "{3548F293-1A93-43F7-B308-220C2E9879C1}"
EndProject
Project("{8BC9CEB8-8B4A-11D0-8D11-00A0C91BC942}") = "5 替换空格", "5 替换空格\5 替换空格.vcxproj", "{C3112C81-41F7-4311-A1D1-DF3EF78C7E7E}"
EndProject
Project("{8BC9CEB8-8B4A-11D0-8D11-00A0C91BC942}") = "6 从尾到头打印链表", "6 从尾到头打印链表\6 从尾到头打印链表.vcxproj", "{1EEB1F38-B99B-4C2A-9832-CC620069C517}"
EndProject
Project("{8BC9CEB8-8B4A-11D0-8D11-00A0C91BC942}") = "7 重建二叉树", "7 重建二叉树\7 重建二叉树.vcxproj", "{AB9EA5A2-6F1F-4BC3-96E8-DC14CD233DCC}"
EndProject
Project("{8BC9CEB8-8B4A-11D0-8D11-00A0C91BC942}") = "10 青蛙跳台阶问题", "10_2 青蛙跳台阶问题\10_2 青蛙跳台阶问题.vcxproj", "{9AD38251-727E-4EC3-BF0E-8DF0836626FC}"
EndProject
Project("{8BC9CEB8-8B4A-11D0-8D11-00A0C91BC942}") = "11 旋转数组的最小数字", "11 旋转数组的最小数字\11 旋转数组的最小数字.vcxproj", "{CC46C078-F569-41C7-A8E4-61CCCD917C79}"
EndProject
Project("{8BC9CEB8-8B4A-11D0-8D11-00A0C91BC942}") = "12 矩阵中的路径", "12 矩阵中的路径\12 矩阵中的路径.vcxproj", "{B8C0ACD6-F0C1-43D0-86E0-FE82716A41C3}"
EndProject
Project("{8BC9CEB8-8B4A-11D0-8D11-00A0C91BC942}") = "13 机器人的运动范围", "13 机器人的运动范围\13 机器人的运动范围.vcxproj", "{4C8FA0A1-25EF-48CF-AA96-0871AD673C3E}"
EndProject
Project("{8BC9CEB8-8B4A-11D0-8D11-00A0C91BC942}") = "二叉树的重建与遍历", "二叉树的重建与遍历\二叉树的重建与遍历.vcxproj", "{86A0B00B-E368-49D9-A6AE-202727D68673}"
EndProject
Project("{8BC9CEB8-8B4A-11D0-8D11-00A0C91BC942}") = "14 剪绳子", "14_1 剪绳子\14_1 剪绳子.vcxproj", "{852EA7E6-F4B6-4CA6-98E1-285EEC957DF8}"
EndProject
Project("{8BC9CEB8-8B4A-11D0-8D11-00A0C91BC942}") = "15 二进制中1的个数", "15 二进制中1的个数\15 二进制中1的个数.vcxproj", "{33D93AE5-10F0-40B8-81CA-50DAC178A306}"
EndProject
Project("{8BC9CEB8-8B4A-11D0-8D11-00A0C91BC942}") = "16 数值的整数次方", "16 数值的整数次方\16 数值的整数次方.vcxproj", "{DDB7A74B-2EF9-453E-A02B-1F7892CB6CA6}"
EndProject
Project("{8BC9CEB8-8B4A-11D0-8D11-00A0C91BC942}") = "3 数组中重复的元素", "3 数组中重复的元素\3 数组中重复的元素.vcxproj", "{C25792CC-1C33-4817-841F-CA8BA1ECD1D9}"
EndProject
Project("{8BC9CEB8-8B4A-11D0-8D11-00A0C91BC942}") = "17 打印从1到最大的n位数", "17 打印从1到最大的n位数\17 打印从1到最大的n位数.vcxproj", "{3BE75C4D-651C-453C-B392-A630BC372145}"
EndProject
Project("{8BC9CEB8-8B4A-11D0-8D11-00A0C91BC942}") = "22 链表中倒数第k个节点", "22 链表中倒数第k\22 链表中倒数第k.vcxproj", "{4239599F-6A0A-46E3-AA5B-3EFDB4F51B23}"
EndProject
Project("{8BC9CEB8-8B4A-11D0-8D11-00A0C91BC942}") = "21 调整数组顺序使奇数位于偶数前面", "21 调整数组顺序使奇数位于偶数前面\21 调整数组顺序使奇数位于偶数前面.vcxproj", "{11EC8272-A2AC-4B32-9252-7B11874980F1}"
EndProject
Project("{8BC9CEB8-8B4A-11D0-8D11-00A0C91BC942}") = "18 删除链表的节点", "18 删除链表的节点\18 删除链表的节点.vcxproj", "{AE655115-8276-4FC2-A321-F9EB9C537C9A}"
EndProject
Project("{8BC9CEB8-8B4A-11D0-8D11-00A0C91BC942}") = "24 反转链表", "24 反转链表\24 反转链表.vcxproj", "{73520B02-1008-47C0-A893-FA50A9D9471E}"
EndProject
Project("{8BC9CEB8-8B4A-11D0-8D11-00A0C91BC942}") = "25 合并两个排序的链表", "25 合并两个排序的链表\25 合并两个排序的链表.vcxproj", "{200C428F-AD4B-44B4-9354-91A998E4136C}"
EndProject
Project("{8BC9CEB8-8B4A-11D0-8D11-00A0C91BC942}") = "leetcode102 二叉树的层序遍历", "leetcode102 二叉树的层序遍历\leetcode102 二叉树的层序遍历.vcxproj", "{8BC670F9-C9A2-4DA8-B4E3-E87F1CEF2FD3}"
EndProject
Project("{8BC9CEB8-8B4A-11D0-8D11-00A0C91BC942}") = "57 和为s的两个数字", "57 和为s的两个数字\57 和为s的两个数字.vcxproj", "{689EF354-DB44-4F30-A20F-891BD3D0061B}"
EndProject
Project("{8BC9CEB8-8B4A-11D0-8D11-00A0C91BC942}") = "58 翻转单词顺序", "58 翻转单词顺序\58 翻转单词顺序.vcxproj", "{D3CC9033-787B-4F82-B805-0E9C720B69A8}"
EndProject
Project("{8BC9CEB8-8B4A-11D0-8D11-00A0C91BC942}") = "59 滑动窗口的最大值", "59 滑动窗口的最大值\59 滑动窗口的最大值.vcxproj", "{69C40717-B4A5-41AA-8F87-CEB7EB07F717}"
EndProject
Project("{8BC9CEB8-8B4A-11D0-8D11-00A0C91BC942}") = "60 n个骰子的点数", "60 n个骰子的点数\60 n个骰子的点数.vcxproj", "{EFCFC6E9-C2BD-469B-B323-0009787A2A2C}"
EndProject
Project("{8BC9CEB8-8B4A-11D0-8D11-00A0C91BC942}") = "61 扑克牌中的顺子", "61 扑克牌中的顺子\61 扑克牌中的顺子.vcxproj", "{F77494C6-18F6-46AD-BBAB-64C157EAAB64}"
EndProject
Project("{8BC9CEB8-8B4A-11D0-8D11-00A0C91BC942}") = "62 圆圈中最后剩下的数字", "62 圆圈中最后剩下的数字\62 圆圈中最后剩下的数字.vcxproj", "{63BC86E6-494B-424D-ADD7-01D35ED7E1BD}"
EndProject
Project("{8BC9CEB8-8B4A-11D0-8D11-00A0C91BC942}") = "63 股票的最大利润", "63 股票的最大利润\63 股票的最大利润.vcxproj", "{FBFB6DAE-C8D3-4FD1-8205-B7C15BB57A8C}"
EndProject
Project("{8BC9CEB8-8B4A-11D0-8D11-00A0C91BC942}") = "64 求1+2+…+n", "64 求1+2+…+n\64 求1+2+…+n.vcxproj", "{42154CF9-D731-4945-AEA9-8F53F1CFF24D}"
EndProject
Project("{8BC9CEB8-8B4A-11D0-8D11-00A0C91BC942}") = "65 不用加减乘除做加法", "65 不用加减乘除做加法\65 不用加减乘除做加法.vcxproj", "{5D74528E-F11A-4A5D-BAC9-4493421FE593}"
EndProject
Project("{8BC9CEB8-8B4A-11D0-8D11-00A0C91BC942}") = "1 两数之和", "1 两数之和\1 两数之和.vcxproj", "{4CA1D3B8-E127-4766-BE9B-4390133C1FF8}"
EndProject
Project("{8BC9CEB8-8B4A-11D0-8D11-00A0C91BC942}") = "26 树的子结构", "26 树的子结构\26 树的子结构.vcxproj", "{457629B8-51F1-4B3C-A22D-8DBFB028DCF1}"
EndProject
Project("{8BC9CEB8-8B4A-11D0-8D11-00A0C91BC942}") = "27 二叉树的镜像", "27 二叉树的镜像\27 二叉树的镜像.vcxproj", "{389DE677-25CE-42A2-9331-CEDEA389C52A}"
EndProject
Project("{8BC9CEB8-8B4A-11D0-8D11-00A0C91BC942}") = "28 对称的二叉树", "28 对称的二叉树\28 对称的二叉树.vcxproj", "{A4CD5CAD-ABE7-47BA-A40E-9D1FE4019B52}"
EndProject
Project("{8BC9CEB8-8B4A-11D0-8D11-00A0C91BC942}") = "29 顺时针打印矩阵", "29 顺时针打印矩阵\29 顺时针打印矩阵.vcxproj", "{27C7EA58-CE25-4852-90B5-70CDCFAE35CA}"
EndProject
Project("{8BC9CEB8-8B4A-11D0-8D11-00A0C91BC942}") = "30 包含min函数的栈", "30 包含min函数的栈\30 包含min函数的栈.vcxproj", "{291F2150-CD71-4B35-8B95-67B1BEB121FA}"
EndProject
Project("{8BC9CEB8-8B4A-11D0-8D11-00A0C91BC942}") = "31 栈的压入、弹出序列", "31 栈的压入、弹出序列\31 栈的压入、弹出序列.vcxproj", "{41580C0A-D5D2-48C2-A84D-47D27A41E878}"
EndProject
Project("{8BC9CEB8-8B4A-11D0-8D11-00A0C91BC942}") = "32 从上到下打印二叉树", "32 从上到下打印二叉树\32 从上到下打印二叉树.vcxproj", "{E26B2E33-39EC-4541-86CC-04C781C824AF}"
EndProject
Project("{8BC9CEB8-8B4A-11D0-8D11-00A0C91BC942}") = "33 二叉搜索树的后序遍历序列", "33 二叉搜索树的后序遍历序列\33 二叉搜索树的后序遍历序列.vcxproj", "{9BA8991E-32F8-4603-967E-6D0D8DD85223}"
EndProject
Project("{8BC9CEB8-8B4A-11D0-8D11-00A0C91BC942}") = "leetcode498 对角线遍历", "leetcode498 对角线遍历\leetcode498 对角线遍历.vcxproj", "{961A23A0-7FF2-49A4-B38E-E470B31E5E06}"
EndProject
Project("{8BC9CEB8-8B4A-11D0-8D11-00A0C91BC942}") = "leetcode056 合并区间", "leetcode56 合并区间\leetcode56 合并区间.vcxproj", "{37ED15C0-4E05-45FA-95DF-8D39C54F441E}"
EndProject
Project("{8BC9CEB8-8B4A-11D0-8D11-00A0C91BC942}") = "leetcode005 最长回文子串", "leetcode05 最长回文子串\leetcode05 最长回文子串.vcxproj", "{4BD31019-6740-42C5-91EB-A328B3E75A53}"
EndProject
Project("{8BC9CEB8-8B4A-11D0-8D11-00A0C91BC942}") = "leetcode151 翻转字符串里的单词", "leetcode151 翻转字符串里的单词\leetcode151 翻转字符串里的单词.vcxproj", "{1F1BEE3D-E3FF-4C10-88E5-047585ECA909}"
EndProject
Project("{8BC9CEB8-8B4A-11D0-8D11-00A0C91BC942}") = "leetcode028 实现 strStr()", "leetcode028 实现 strStr()\leetcode028 实现 strStr().vcxproj", "{C5BBFAB3-0823-49C2-BEC6-CD847D5DFD7C}"
EndProject
Project("{8BC9CEB8-8B4A-11D0-8D11-00A0C91BC942}") = "字符串匹配算法", "字符串匹配算法\字符串匹配算法.vcxproj", "{A1AA8C65-2272-4E03-B318-9CC1C0289464}"
EndProject
Project("{8BC9CEB8-8B4A-11D0-8D11-00A0C91BC942}") = "leetcode283 移动零", "leetcode283 移动零\leetcode283 移动零.vcxproj", "{857ED837-9D34-4D8A-AA4F-594766B34DD7}"
EndProject
Project("{8BC9CEB8-8B4A-11D0-8D11-00A0C91BC942}") = "leetcode098 验证二叉搜索树", "leetcode098 验证二叉搜索树\leetcode098 验证二叉搜索树.vcxproj", "{4C4FDD49-DD10-4E36-92C1-478B1F36C4CD}"
EndProject
Project("{8BC9CEB8-8B4A-11D0-8D11-00A0C91BC942}") = "leetcode622 设计循环队列", "leetcode622 设计循环队列\leetcode622 设计循环队列.vcxproj", "{FEA8DF37-9AEF-4685-8489-BB6397BB6CC4}"
EndProject
Project("{8BC9CEB8-8B4A-11D0-8D11-00A0C91BC942}") = "leetcode346 数据流中的移动平均值", "leetcode346 数据流中的移动平均值\leetcode346 数据流中的移动平均值.vcxproj", "{4A9F041E-3A5C-4E4F-AA2B-9BA2CAAD519D}"
EndProject
Project("{8BC9CEB8-8B4A-11D0-8D11-00A0C91BC942}") = "leetcode286 墙与门", "leetcode286 墙与门\leetcode286 墙与门.vcxproj", "{D984B948-36B1-4470-A99C-3F056B2BBF6A}"
EndProject
Project("{8BC9CEB8-8B4A-11D0-8D11-00A0C91BC942}") = "leetcode394 字符串解码", "leetcode394 字符串解码\leetcode394 字符串解码.vcxproj", "{88EF6776-3FA4-46DF-90CA-9515E4BA18EF}"
EndProject
Project("{8BC9CEB8-8B4A-11D0-8D11-00A0C91BC942}") = "leetcode542 01矩阵", "leetcode542 01矩阵\leetcode542 01矩阵.vcxproj", "{99EDF31F-A628-450C-8E9E-EBDA6C84CAE6}"
EndProject
Project("{8BC9CEB8-8B4A-11D0-8D11-00A0C91BC942}") = "leetcode707 设计链表", "leetcode707 设计链表\leetcode707 设计链表.vcxproj", "{AA8E9961-F2CD-4434-9E8C-4CF22163C8B8}"
EndProject
Project("{8BC9CEB8-8B4A-11D0-8D11-00A0C91BC942}") = "leetcode200 岛屿数量", "leetcode200 岛屿数量\leetcode200 岛屿数量.vcxproj", "{0A7CA673-A6D0-426E-9786-FE979C6E1466}"
EndProject
Project("{8BC9CEB8-8B4A-11D0-8D11-00A0C91BC942}") = "leetcode752 打开转盘锁", "leetcode752 打开转盘锁\leetcode752 打开转盘锁.vcxproj", "{F2050C08-2D3D-4F36-B79A-FA57191DC29E}"
EndProject
Project("{8BC9CEB8-8B4A-11D0-8D11-00A0C91BC942}") = "leetcode279 完全平方数", "leetcode279 完全平方数\leetcode279 完全平方数.vcxproj", "{38F8F9F1-4899-4465-81B9-A1BBA94C6C1B}"
EndProject
Project("{8BC9CEB8-8B4A-11D0-8D11-00A0C91BC942}") = "leetcode155 最小栈", "leetcode155 最小栈\leetcode155 最小栈.vcxproj", "{7914CB16-E57C-41A6-A9BE-C929442406D9}"
EndProject
Project("{8BC9CEB8-8B4A-11D0-8D11-00A0C91BC942}") = "leetcode020 有效的括号", "leetcode20 有效的括号\leetcode20 有效的括号.vcxproj", "{07B29C3C-52D4-4E46-B83E-18BA1DABED17}"
EndProject
Project("{8BC9CEB8-8B4A-11D0-8D11-00A0C91BC942}") = "leetcode739 每日温度", "leetcode739 每日温度\leetcode739 每日温度.vcxproj", "{CD39F799-2803-45AA-B940-356081D4C31A}"
EndProject
Project("{8BC9CEB8-8B4A-11D0-8D11-00A0C91BC942}") = "leetcode150 逆波兰表达式求值", "leetcode150 逆波兰表达式求值\leetcode150 逆波兰表达式求值.vcxproj", "{53C960A4-3E50-4F6B-B61C-1888C95BA70A}"
EndProject
Project("{8BC9CEB8-8B4A-11D0-8D11-00A0C91BC942}") = "leetcode133 克隆图", "leetcode133 克隆图\leetcode133 克隆图.vcxproj", "{6C98E554-8C20-4B9B-A512-6C1A2114EDE7}"
EndProject
Project("{8BC9CEB8-8B4A-11D0-8D11-00A0C91BC942}") = "leetcode492 目标和", "leetcode492 目标和\leetcode492 目标和.vcxproj", "{7FC9F2A3-982C-4004-9463-A15DF15F1D66}"
EndProject
Project("{8BC9CEB8-8B4A-11D0-8D11-00A0C91BC942}") = "leetcode733 图像渲染", "leetcode733 图像渲染\leetcode733 图像渲染.vcxproj", "{89F7EF78-4D71-43DD-B548-ED4BDA1E2B31}"
EndProject
Project("{8BC9CEB8-8B4A-11D0-8D11-00A0C91BC942}") = "leetcode841 钥匙和房间", "leetcode841 钥匙和房间\leetcode841 钥匙和房间.vcxproj", "{5D48ACAC-5042-4FE9-AD4B-046B0E067325}"
EndProject
Project("{8BC9CEB8-8B4A-11D0-8D11-00A0C91BC942}") = "LC 贪心算法 376 摆动序列", "LC 贪心算法 376 摆动序列\LC 贪心算法 376 摆动序列.vcxproj", "{6FF9FD2C-845F-4F75-8773-7A749EAA00F9}"
EndProject
Project("{8BC9CEB8-8B4A-11D0-8D11-00A0C91BC942}") = "LC 链表 141 环形链表", "LC 链表 141 环形链表\LC 链表 141 环形链表.vcxproj", "{3450520F-D1FA-42E3-AC2E-1877D4A86612}"
EndProject
Project("{8BC9CEB8-8B4A-11D0-8D11-00A0C91BC942}") = "LC 链表 160 相交链表", "LC 链表 160 相交链表\LC 链表 160 相交链表.vcxproj", "{AF0A45C4-2FC4-404B-B285-557DC48FC107}"
EndProject
Project("{8BC9CEB8-8B4A-11D0-8D11-00A0C91BC942}") = "LC 链表 019 删除链表的倒数第N个节点", "LC 链表 019 删除链表的倒数第N个节点\LC 链表 019 删除链表的倒数第N个节点.vcxproj", "{9A5F64CF-663F-491B-99B1-E891D0C2F043}"
EndProject
Project("{8BC9CEB8-8B4A-11D0-8D11-00A0C91BC942}") = "LC 链表 206 反转链表", "LC 链表 206 反转链表\LC 链表 206 反转链表.vcxproj", "{47FD6504-BD67-4D4C-BDD2-D3CA733499C4}"
EndProject
Project("{8BC9CEB8-8B4A-11D0-8D11-00A0C91BC942}") = "LC 链表 203 移除链表元素", "LC 链表 203 移除链表元素\LC 链表 203 移除链表元素.vcxproj", "{4991B510-70FD-494F-A165-07077D3C6654}"
EndProject
Project("{8BC9CEB8-8B4A-11D0-8D11-00A0C91BC942}") = "LC 链表 328 奇偶链表", "LC 链表 328 奇偶链表\LC 链表 328 奇偶链表.vcxproj", "{74398CE7-218A-4790-972F-F5E72C4F4AB1}"
EndProject
Project("{8BC9CEB8-8B4A-11D0-8D11-00A0C91BC942}") = "leetcode053 最大子序和", "leetcode05 合并区间\leetcode05 合并区间.vcxproj", "{39B65953-C116-4D91-B04C-1738102CC5B6}"
EndProject
Project("{8BC9CEB8-8B4A-11D0-8D11-00A0C91BC942}") = "LC 链表 234 回文链表", "LC 链表 234 回文链表\LC 链表 234 回文链表.vcxproj", "{957AF050-5EEA-43B9-9C10-895BD4B34944}"
EndProject
Project("{8BC9CEB8-8B4A-11D0-8D11-00A0C91BC942}") = "LC 链表 012 合并两个有序链表", "LC 链表 012 合并两个有序链表\LC 链表 012 合并两个有序链表.vcxproj", "{11A59781-43D7-4699-A05B-8C37998764AF}"
EndProject
Project("{8BC9CEB8-8B4A-11D0-8D11-00A0C91BC942}") = "LC 链表 002 两数相加", "LC 链表 002 两数相加\LC 链表 002 两数相加.vcxproj", "{4EEB38B1-4F6A-4CA7-83C7-3DB832B19627}"
EndProject
Project("{8BC9CEB8-8B4A-11D0-8D11-00A0C91BC942}") = "LC 链表 430 扁平化多级双向链表", "LC 链表 430 扁平化多级双向链表\LC 链表 430 扁平化多级双向链表.vcxproj", "{270D6A45-A4C2-452B-A000-9353A5C08B4F}"
EndProject
Project("{8BC9CEB8-8B4A-11D0-8D11-00A0C91BC942}") = "LC 链表 138 复制带随机指针的链表", "LC 链表 138 复制带随机指针的链表\LC 链表 138 复制带随机指针的链表.vcxproj", "{9D5C3A69-F578-43B3-B9AF-B32BDBC75EEB}"
EndProject
Project("{8BC9CEB8-8B4A-11D0-8D11-00A0C91BC942}") = "LC 链表 061 旋转链表", "LC 链表 061 旋转链表\LC 链表 061 旋转链表.vcxproj", "{DB0A8488-1969-4D1A-A23D-44F434DCF6A5}"
EndProject
Project("{8BC9CEB8-8B4A-11D0-8D11-00A0C91BC942}") = "LC 二叉树 144 二叉树的前序遍历", "LC 二叉树 144 二叉树的前序遍历\LC 二叉树 144 二叉树的前序遍历.vcxproj", "{83555756-5045-48AC-AA15-FC0F3DFD5E11}"
EndProject
Project("{8BC9CEB8-8B4A-11D0-8D11-00A0C91BC942}") = "LC 二叉树 102 二叉树的层序遍历", "LC 二叉树 102 二叉树的层序遍历\LC 二叉树 102 二叉树的层序遍历.vcxproj", "{6AE7788D-8ECE-4611-8923-53BCF716BD91}"
EndProject
Project("{8BC9CEB8-8B4A-11D0-8D11-00A0C91BC942}") = "LC 二叉树 104 二叉树的最大深度", "LC 二叉树 104 二叉树的最大深度\LC 二叉树 104 二叉树的最大深度.vcxproj", "{73C39AB4-1190-4B4C-89AA-071B683D96FA}"
EndProject
Project("{8BC9CEB8-8B4A-11D0-8D11-00A0C91BC942}") = "LC 二叉树 101 对称二叉树", "LC 二叉树 101 对称二叉树\LC 二叉树 101 对称二叉树.vcxproj", "{2BDC1693-5BBF-49AC-83E2-ED6465AC2249}"
EndProject
Project("{8BC9CEB8-8B4A-11D0-8D11-00A0C91BC942}") = "LC 二叉树 112 路径总和", "LC 二叉树 112 路径总和\LC 二叉树 112 路径总和.vcxproj", "{2BF2880E-344F-47D4-B859-3260196B212F}"
EndProject
Project("{8BC9CEB8-8B4A-11D0-8D11-00A0C91BC942}") = "LC 二叉树 106 从中序与后序遍历序列构造二叉树", "LC 二叉树 106 从中序与后序遍历序列构造二叉树\LC 二叉树 106 从中序与后序遍历序列构造二叉树.vcxproj", "{BF5452B4-6121-4FEA-AE03-EDB5E51BACBD}"
EndProject
Project("{8BC9CEB8-8B4A-11D0-8D11-00A0C91BC942}") = "LC 二叉树 105 从前序与中序遍历序列构造二叉树", "LC 二叉树 105 从前序与中序遍历序列构造二叉树\LC 二叉树 105 从前序与中序遍历序列构造二叉树.vcxproj", "{A858E4C7-A062-40F7-90EC-8A21A3CD1A3C}"
EndProject
Project("{8BC9CEB8-8B4A-11D0-8D11-00A0C91BC942}") = "LC 二叉树 116 填充每个节点的下一个右侧节点指针", "LC 二叉树 116 填充每个节点的下一个右侧节点指针\LC 二叉树 116 填充每个节点的下一个右侧节点指针.vcxproj", "{02D51610-D5C8-44F4-AEE2-E6F33F24155E}"
EndProject
Project("{8BC9CEB8-8B4A-11D0-8D11-00A0C91BC942}") = "LC 二叉树 236 二叉树的最近公共祖先", "LC 二叉树 236 二叉树的最近公共祖先\LC 二叉树 236 二叉树的最近公共祖先.vcxproj", "{F1771F58-7619-4483-85FE-C0711D50F8B3}"
EndProject
Project("{8BC9CEB8-8B4A-11D0-8D11-00A0C91BC942}") = "LC 二叉树 235 二叉搜索树的最近公共祖先", "LC 二叉树 235 二叉搜索树的最近公共祖先\LC 二叉树 235 二叉搜索树的最近公共祖先.vcxproj", "{8F3E9505-27DA-4071-A075-7E900438C3D0}"
EndProject
Project("{8BC9CEB8-8B4A-11D0-8D11-00A0C91BC942}") = "LC 二叉树 297 二叉树的序列化与反序列化", "LC 二叉树 297 二叉树的序列化与反序列化\LC 二叉树 297 二叉树的序列化与反序列化.vcxproj", "{1A9D8A04-BB01-4EA3-855D-E91BF11B53AF}"
EndProject
Project("{8BC9CEB8-8B4A-11D0-8D11-00A0C91BC942}") = "LC 二叉树 222 完全二叉树的节点个数", "LC 二叉树 222 完全二叉树的节点个数\LC 二叉树 222 完全二叉树的节点个数.vcxproj", "{B93341D0-7280-4AA7-B302-1FC93F2380D9}"
EndProject
Project("{8BC9CEB8-8B4A-11D0-8D11-00A0C91BC942}") = "LC 二叉树 110 平衡二叉树", "LC 二叉树 110 平衡二叉树\LC 二叉树 110 平衡二叉树.vcxproj", "{E90C3F5C-D65C-4E85-94DA-10FBB54FFD09}"
EndProject
Project("{8BC9CEB8-8B4A-11D0-8D11-00A0C91BC942}") = "LC 二叉树 404 左叶子之和", "LC 二叉树 404 左叶子之和\LC 二叉树 404 左叶子之和.vcxproj", "{45363064-CDAC-48E8-9E52-6C1C0FF948E3}"
EndProject
Project("{8BC9CEB8-8B4A-11D0-8D11-00A0C91BC942}") = "LC 二叉树 513 找树左下角的值", "LC 二叉树 513 找树左下角的值\LC 二叉树 513 找树左下角的值.vcxproj", "{0D89453C-2825-4817-AF4E-3ABE1B81FFAF}"
EndProject
Project("{8BC9CEB8-8B4A-11D0-8D11-00A0C91BC942}") = "LC 二叉树 617 合并二叉树", "LC 二叉树 617 合并二叉树\LC 二叉树 617 合并二叉树.vcxproj", "{A05B4C5F-FF6A-4029-AE0F-64986EAE5F02}"
EndProject
Project("{8BC9CEB8-8B4A-11D0-8D11-00A0C91BC942}") = "LC 二叉搜索树 098 验证二叉搜索树", "LC 二叉树 098 验证二叉搜索树\LC 二叉树 098 验证二叉搜索树.vcxproj", "{B0A218AA-11EF-442F-918F-6A4475DC0B21}"
EndProject
Project("{8BC9CEB8-8B4A-11D0-8D11-00A0C91BC942}") = "LC 二叉搜索树 173 二叉搜索树迭代器", "LC 二叉搜索树 173 二叉搜索树迭代器\LC 二叉搜索树 173 二叉搜索树迭代器.vcxproj", "{294BB16A-0D35-43C4-86D6-71365494EA20}"
EndProject
Project("{8BC9CEB8-8B4A-11D0-8D11-00A0C91BC942}") = "LC 二叉搜索树 700 二叉搜索树中的搜索", "LC 二叉搜索树 700 二叉搜索树中的搜索\LC 二叉搜索树 700 二叉搜索树中的搜索.vcxproj", "{340D7D1B-AA96-4119-AB1F-7E4E3A3F372B}"
EndProject
Project("{8BC9CEB8-8B4A-11D0-8D11-00A0C91BC942}") = "LC 二叉搜索树 701 二叉搜索树中的插入操作", "LC 二叉搜索树 701 二叉搜索树中的插入操作\LC 二叉搜索树 701 二叉搜索树中的插入操作.vcxproj", "{CACB960B-A2E9-4CC8-A295-9B77A6304854}"
EndProject
Project("{8BC9CEB8-8B4A-11D0-8D11-00A0C91BC942}") = "LC 二叉搜索树 450 删除二叉搜索树中的节点", "LC 二叉搜索树 450 删除二叉搜索树中的节点\LC 二叉搜索树 450 删除二叉搜索树中的节点.vcxproj", "{88FAF31F-2977-441E-A033-FBD52EE84658}"
EndProject
Project("{8BC9CEB8-8B4A-11D0-8D11-00A0C91BC942}") = "LC 二叉搜索树 235 二叉搜索树的最近公共祖先", "LC 二叉搜索树 235 二叉搜索树的最近公共祖先\LC 二叉搜索树 235 二叉搜索树的最近公共祖先.vcxproj", "{BDFACCDA-4045-42FE-9C29-F99338543B99}"
EndProject
Project("{8BC9CEB8-8B4A-11D0-8D11-00A0C91BC942}") = "LC 二叉搜索树 220 存在重复元素 III", "LC 二叉搜索树 220 存在重复元素 III\LC 二叉搜索树 220 存在重复元素 III.vcxproj", "{C2D44E90-6FEB-4516-83DE-57CAE378A49C}"
EndProject
Global
	GlobalSection(SolutionConfigurationPlatforms) = preSolution
		Debug|x64 = Debug|x64
		Debug|x86 = Debug|x86
		Release|x64 = Release|x64
		Release|x86 = Release|x86
	EndGlobalSection
	GlobalSection(ProjectConfigurationPlatforms) = postSolution
		{C15F1477-1CEC-4D06-ABB2-21B1652F751C}.Debug|x64.ActiveCfg = Debug|x64
		{C15F1477-1CEC-4D06-ABB2-21B1652F751C}.Debug|x64.Build.0 = Debug|x64
		{C15F1477-1CEC-4D06-ABB2-21B1652F751C}.Debug|x86.ActiveCfg = Debug|Win32
		{C15F1477-1CEC-4D06-ABB2-21B1652F751C}.Debug|x86.Build.0 = Debug|Win32
		{C15F1477-1CEC-4D06-ABB2-21B1652F751C}.Release|x64.ActiveCfg = Release|x64
		{C15F1477-1CEC-4D06-ABB2-21B1652F751C}.Release|x64.Build.0 = Release|x64
		{C15F1477-1CEC-4D06-ABB2-21B1652F751C}.Release|x86.ActiveCfg = Release|Win32
		{C15F1477-1CEC-4D06-ABB2-21B1652F751C}.Release|x86.Build.0 = Release|Win32
		{3473992D-CD1C-4533-8122-B5097978C532}.Debug|x64.ActiveCfg = Debug|x64
		{3473992D-CD1C-4533-8122-B5097978C532}.Debug|x64.Build.0 = Debug|x64
		{3473992D-CD1C-4533-8122-B5097978C532}.Debug|x86.ActiveCfg = Debug|Win32
		{3473992D-CD1C-4533-8122-B5097978C532}.Debug|x86.Build.0 = Debug|Win32
		{3473992D-CD1C-4533-8122-B5097978C532}.Release|x64.ActiveCfg = Release|x64
		{3473992D-CD1C-4533-8122-B5097978C532}.Release|x64.Build.0 = Release|x64
		{3473992D-CD1C-4533-8122-B5097978C532}.Release|x86.ActiveCfg = Release|Win32
		{3473992D-CD1C-4533-8122-B5097978C532}.Release|x86.Build.0 = Release|Win32
		{9F9F21F2-6DE4-48C6-A401-557817B0063D}.Debug|x64.ActiveCfg = Debug|x64
		{9F9F21F2-6DE4-48C6-A401-557817B0063D}.Debug|x64.Build.0 = Debug|x64
		{9F9F21F2-6DE4-48C6-A401-557817B0063D}.Debug|x86.ActiveCfg = Debug|Win32
		{9F9F21F2-6DE4-48C6-A401-557817B0063D}.Debug|x86.Build.0 = Debug|Win32
		{9F9F21F2-6DE4-48C6-A401-557817B0063D}.Release|x64.ActiveCfg = Release|x64
		{9F9F21F2-6DE4-48C6-A401-557817B0063D}.Release|x64.Build.0 = Release|x64
		{9F9F21F2-6DE4-48C6-A401-557817B0063D}.Release|x86.ActiveCfg = Release|Win32
		{9F9F21F2-6DE4-48C6-A401-557817B0063D}.Release|x86.Build.0 = Release|Win32
		{50099960-7780-4A66-9D28-199DF6E5D876}.Debug|x64.ActiveCfg = Debug|x64
		{50099960-7780-4A66-9D28-199DF6E5D876}.Debug|x64.Build.0 = Debug|x64
		{50099960-7780-4A66-9D28-199DF6E5D876}.Debug|x86.ActiveCfg = Debug|Win32
		{50099960-7780-4A66-9D28-199DF6E5D876}.Debug|x86.Build.0 = Debug|Win32
		{50099960-7780-4A66-9D28-199DF6E5D876}.Release|x64.ActiveCfg = Release|x64
		{50099960-7780-4A66-9D28-199DF6E5D876}.Release|x64.Build.0 = Release|x64
		{50099960-7780-4A66-9D28-199DF6E5D876}.Release|x86.ActiveCfg = Release|Win32
		{50099960-7780-4A66-9D28-199DF6E5D876}.Release|x86.Build.0 = Release|Win32
		{3548F293-1A93-43F7-B308-220C2E9879C1}.Debug|x64.ActiveCfg = Debug|x64
		{3548F293-1A93-43F7-B308-220C2E9879C1}.Debug|x64.Build.0 = Debug|x64
		{3548F293-1A93-43F7-B308-220C2E9879C1}.Debug|x86.ActiveCfg = Debug|Win32
		{3548F293-1A93-43F7-B308-220C2E9879C1}.Debug|x86.Build.0 = Debug|Win32
		{3548F293-1A93-43F7-B308-220C2E9879C1}.Release|x64.ActiveCfg = Release|x64
		{3548F293-1A93-43F7-B308-220C2E9879C1}.Release|x64.Build.0 = Release|x64
		{3548F293-1A93-43F7-B308-220C2E9879C1}.Release|x86.ActiveCfg = Release|Win32
		{3548F293-1A93-43F7-B308-220C2E9879C1}.Release|x86.Build.0 = Release|Win32
		{C3112C81-41F7-4311-A1D1-DF3EF78C7E7E}.Debug|x64.ActiveCfg = Debug|x64
		{C3112C81-41F7-4311-A1D1-DF3EF78C7E7E}.Debug|x64.Build.0 = Debug|x64
		{C3112C81-41F7-4311-A1D1-DF3EF78C7E7E}.Debug|x86.ActiveCfg = Debug|Win32
		{C3112C81-41F7-4311-A1D1-DF3EF78C7E7E}.Debug|x86.Build.0 = Debug|Win32
		{C3112C81-41F7-4311-A1D1-DF3EF78C7E7E}.Release|x64.ActiveCfg = Release|x64
		{C3112C81-41F7-4311-A1D1-DF3EF78C7E7E}.Release|x64.Build.0 = Release|x64
		{C3112C81-41F7-4311-A1D1-DF3EF78C7E7E}.Release|x86.ActiveCfg = Release|Win32
		{C3112C81-41F7-4311-A1D1-DF3EF78C7E7E}.Release|x86.Build.0 = Release|Win32
		{1EEB1F38-B99B-4C2A-9832-CC620069C517}.Debug|x64.ActiveCfg = Debug|x64
		{1EEB1F38-B99B-4C2A-9832-CC620069C517}.Debug|x64.Build.0 = Debug|x64
		{1EEB1F38-B99B-4C2A-9832-CC620069C517}.Debug|x86.ActiveCfg = Debug|Win32
		{1EEB1F38-B99B-4C2A-9832-CC620069C517}.Debug|x86.Build.0 = Debug|Win32
		{1EEB1F38-B99B-4C2A-9832-CC620069C517}.Release|x64.ActiveCfg = Release|x64
		{1EEB1F38-B99B-4C2A-9832-CC620069C517}.Release|x64.Build.0 = Release|x64
		{1EEB1F38-B99B-4C2A-9832-CC620069C517}.Release|x86.ActiveCfg = Release|Win32
		{1EEB1F38-B99B-4C2A-9832-CC620069C517}.Release|x86.Build.0 = Release|Win32
		{AB9EA5A2-6F1F-4BC3-96E8-DC14CD233DCC}.Debug|x64.ActiveCfg = Debug|x64
		{AB9EA5A2-6F1F-4BC3-96E8-DC14CD233DCC}.Debug|x64.Build.0 = Debug|x64
		{AB9EA5A2-6F1F-4BC3-96E8-DC14CD233DCC}.Debug|x86.ActiveCfg = Debug|Win32
		{AB9EA5A2-6F1F-4BC3-96E8-DC14CD233DCC}.Debug|x86.Build.0 = Debug|Win32
		{AB9EA5A2-6F1F-4BC3-96E8-DC14CD233DCC}.Release|x64.ActiveCfg = Release|x64
		{AB9EA5A2-6F1F-4BC3-96E8-DC14CD233DCC}.Release|x64.Build.0 = Release|x64
		{AB9EA5A2-6F1F-4BC3-96E8-DC14CD233DCC}.Release|x86.ActiveCfg = Release|Win32
		{AB9EA5A2-6F1F-4BC3-96E8-DC14CD233DCC}.Release|x86.Build.0 = Release|Win32
		{9AD38251-727E-4EC3-BF0E-8DF0836626FC}.Debug|x64.ActiveCfg = Debug|x64
		{9AD38251-727E-4EC3-BF0E-8DF0836626FC}.Debug|x64.Build.0 = Debug|x64
		{9AD38251-727E-4EC3-BF0E-8DF0836626FC}.Debug|x86.ActiveCfg = Debug|Win32
		{9AD38251-727E-4EC3-BF0E-8DF0836626FC}.Debug|x86.Build.0 = Debug|Win32
		{9AD38251-727E-4EC3-BF0E-8DF0836626FC}.Release|x64.ActiveCfg = Release|x64
		{9AD38251-727E-4EC3-BF0E-8DF0836626FC}.Release|x64.Build.0 = Release|x64
		{9AD38251-727E-4EC3-BF0E-8DF0836626FC}.Release|x86.ActiveCfg = Release|Win32
		{9AD38251-727E-4EC3-BF0E-8DF0836626FC}.Release|x86.Build.0 = Release|Win32
		{CC46C078-F569-41C7-A8E4-61CCCD917C79}.Debug|x64.ActiveCfg = Debug|x64
		{CC46C078-F569-41C7-A8E4-61CCCD917C79}.Debug|x64.Build.0 = Debug|x64
		{CC46C078-F569-41C7-A8E4-61CCCD917C79}.Debug|x86.ActiveCfg = Debug|Win32
		{CC46C078-F569-41C7-A8E4-61CCCD917C79}.Debug|x86.Build.0 = Debug|Win32
		{CC46C078-F569-41C7-A8E4-61CCCD917C79}.Release|x64.ActiveCfg = Release|x64
		{CC46C078-F569-41C7-A8E4-61CCCD917C79}.Release|x64.Build.0 = Release|x64
		{CC46C078-F569-41C7-A8E4-61CCCD917C79}.Release|x86.ActiveCfg = Release|Win32
		{CC46C078-F569-41C7-A8E4-61CCCD917C79}.Release|x86.Build.0 = Release|Win32
		{B8C0ACD6-F0C1-43D0-86E0-FE82716A41C3}.Debug|x64.ActiveCfg = Debug|x64
		{B8C0ACD6-F0C1-43D0-86E0-FE82716A41C3}.Debug|x64.Build.0 = Debug|x64
		{B8C0ACD6-F0C1-43D0-86E0-FE82716A41C3}.Debug|x86.ActiveCfg = Debug|Win32
		{B8C0ACD6-F0C1-43D0-86E0-FE82716A41C3}.Debug|x86.Build.0 = Debug|Win32
		{B8C0ACD6-F0C1-43D0-86E0-FE82716A41C3}.Release|x64.ActiveCfg = Release|x64
		{B8C0ACD6-F0C1-43D0-86E0-FE82716A41C3}.Release|x64.Build.0 = Release|x64
		{B8C0ACD6-F0C1-43D0-86E0-FE82716A41C3}.Release|x86.ActiveCfg = Release|Win32
		{B8C0ACD6-F0C1-43D0-86E0-FE82716A41C3}.Release|x86.Build.0 = Release|Win32
		{4C8FA0A1-25EF-48CF-AA96-0871AD673C3E}.Debug|x64.ActiveCfg = Debug|x64
		{4C8FA0A1-25EF-48CF-AA96-0871AD673C3E}.Debug|x64.Build.0 = Debug|x64
		{4C8FA0A1-25EF-48CF-AA96-0871AD673C3E}.Debug|x86.ActiveCfg = Debug|Win32
		{4C8FA0A1-25EF-48CF-AA96-0871AD673C3E}.Debug|x86.Build.0 = Debug|Win32
		{4C8FA0A1-25EF-48CF-AA96-0871AD673C3E}.Release|x64.ActiveCfg = Release|x64
		{4C8FA0A1-25EF-48CF-AA96-0871AD673C3E}.Release|x64.Build.0 = Release|x64
		{4C8FA0A1-25EF-48CF-AA96-0871AD673C3E}.Release|x86.ActiveCfg = Release|Win32
		{4C8FA0A1-25EF-48CF-AA96-0871AD673C3E}.Release|x86.Build.0 = Release|Win32
		{86A0B00B-E368-49D9-A6AE-202727D68673}.Debug|x64.ActiveCfg = Debug|x64
		{86A0B00B-E368-49D9-A6AE-202727D68673}.Debug|x64.Build.0 = Debug|x64
		{86A0B00B-E368-49D9-A6AE-202727D68673}.Debug|x86.ActiveCfg = Debug|Win32
		{86A0B00B-E368-49D9-A6AE-202727D68673}.Debug|x86.Build.0 = Debug|Win32
		{86A0B00B-E368-49D9-A6AE-202727D68673}.Release|x64.ActiveCfg = Release|x64
		{86A0B00B-E368-49D9-A6AE-202727D68673}.Release|x64.Build.0 = Release|x64
		{86A0B00B-E368-49D9-A6AE-202727D68673}.Release|x86.ActiveCfg = Release|Win32
		{86A0B00B-E368-49D9-A6AE-202727D68673}.Release|x86.Build.0 = Release|Win32
		{852EA7E6-F4B6-4CA6-98E1-285EEC957DF8}.Debug|x64.ActiveCfg = Debug|x64
		{852EA7E6-F4B6-4CA6-98E1-285EEC957DF8}.Debug|x64.Build.0 = Debug|x64
		{852EA7E6-F4B6-4CA6-98E1-285EEC957DF8}.Debug|x86.ActiveCfg = Debug|Win32
		{852EA7E6-F4B6-4CA6-98E1-285EEC957DF8}.Debug|x86.Build.0 = Debug|Win32
		{852EA7E6-F4B6-4CA6-98E1-285EEC957DF8}.Release|x64.ActiveCfg = Release|x64
		{852EA7E6-F4B6-4CA6-98E1-285EEC957DF8}.Release|x64.Build.0 = Release|x64
		{852EA7E6-F4B6-4CA6-98E1-285EEC957DF8}.Release|x86.ActiveCfg = Release|Win32
		{852EA7E6-F4B6-4CA6-98E1-285EEC957DF8}.Release|x86.Build.0 = Release|Win32
		{33D93AE5-10F0-40B8-81CA-50DAC178A306}.Debug|x64.ActiveCfg = Debug|x64
		{33D93AE5-10F0-40B8-81CA-50DAC178A306}.Debug|x64.Build.0 = Debug|x64
		{33D93AE5-10F0-40B8-81CA-50DAC178A306}.Debug|x86.ActiveCfg = Debug|Win32
		{33D93AE5-10F0-40B8-81CA-50DAC178A306}.Debug|x86.Build.0 = Debug|Win32
		{33D93AE5-10F0-40B8-81CA-50DAC178A306}.Release|x64.ActiveCfg = Release|x64
		{33D93AE5-10F0-40B8-81CA-50DAC178A306}.Release|x64.Build.0 = Release|x64
		{33D93AE5-10F0-40B8-81CA-50DAC178A306}.Release|x86.ActiveCfg = Release|Win32
		{33D93AE5-10F0-40B8-81CA-50DAC178A306}.Release|x86.Build.0 = Release|Win32
		{DDB7A74B-2EF9-453E-A02B-1F7892CB6CA6}.Debug|x64.ActiveCfg = Debug|x64
		{DDB7A74B-2EF9-453E-A02B-1F7892CB6CA6}.Debug|x64.Build.0 = Debug|x64
		{DDB7A74B-2EF9-453E-A02B-1F7892CB6CA6}.Debug|x86.ActiveCfg = Debug|Win32
		{DDB7A74B-2EF9-453E-A02B-1F7892CB6CA6}.Debug|x86.Build.0 = Debug|Win32
		{DDB7A74B-2EF9-453E-A02B-1F7892CB6CA6}.Release|x64.ActiveCfg = Release|x64
		{DDB7A74B-2EF9-453E-A02B-1F7892CB6CA6}.Release|x64.Build.0 = Release|x64
		{DDB7A74B-2EF9-453E-A02B-1F7892CB6CA6}.Release|x86.ActiveCfg = Release|Win32
		{DDB7A74B-2EF9-453E-A02B-1F7892CB6CA6}.Release|x86.Build.0 = Release|Win32
		{C25792CC-1C33-4817-841F-CA8BA1ECD1D9}.Debug|x64.ActiveCfg = Debug|x64
		{C25792CC-1C33-4817-841F-CA8BA1ECD1D9}.Debug|x64.Build.0 = Debug|x64
		{C25792CC-1C33-4817-841F-CA8BA1ECD1D9}.Debug|x86.ActiveCfg = Debug|Win32
		{C25792CC-1C33-4817-841F-CA8BA1ECD1D9}.Debug|x86.Build.0 = Debug|Win32
		{C25792CC-1C33-4817-841F-CA8BA1ECD1D9}.Release|x64.ActiveCfg = Release|x64
		{C25792CC-1C33-4817-841F-CA8BA1ECD1D9}.Release|x64.Build.0 = Release|x64
		{C25792CC-1C33-4817-841F-CA8BA1ECD1D9}.Release|x86.ActiveCfg = Release|Win32
		{C25792CC-1C33-4817-841F-CA8BA1ECD1D9}.Release|x86.Build.0 = Release|Win32
		{3BE75C4D-651C-453C-B392-A630BC372145}.Debug|x64.ActiveCfg = Debug|x64
		{3BE75C4D-651C-453C-B392-A630BC372145}.Debug|x64.Build.0 = Debug|x64
		{3BE75C4D-651C-453C-B392-A630BC372145}.Debug|x86.ActiveCfg = Debug|Win32
		{3BE75C4D-651C-453C-B392-A630BC372145}.Debug|x86.Build.0 = Debug|Win32
		{3BE75C4D-651C-453C-B392-A630BC372145}.Release|x64.ActiveCfg = Release|x64
		{3BE75C4D-651C-453C-B392-A630BC372145}.Release|x64.Build.0 = Release|x64
		{3BE75C4D-651C-453C-B392-A630BC372145}.Release|x86.ActiveCfg = Release|Win32
		{3BE75C4D-651C-453C-B392-A630BC372145}.Release|x86.Build.0 = Release|Win32
		{4239599F-6A0A-46E3-AA5B-3EFDB4F51B23}.Debug|x64.ActiveCfg = Debug|x64
		{4239599F-6A0A-46E3-AA5B-3EFDB4F51B23}.Debug|x64.Build.0 = Debug|x64
		{4239599F-6A0A-46E3-AA5B-3EFDB4F51B23}.Debug|x86.ActiveCfg = Debug|Win32
		{4239599F-6A0A-46E3-AA5B-3EFDB4F51B23}.Debug|x86.Build.0 = Debug|Win32
		{4239599F-6A0A-46E3-AA5B-3EFDB4F51B23}.Release|x64.ActiveCfg = Release|x64
		{4239599F-6A0A-46E3-AA5B-3EFDB4F51B23}.Release|x64.Build.0 = Release|x64
		{4239599F-6A0A-46E3-AA5B-3EFDB4F51B23}.Release|x86.ActiveCfg = Release|Win32
		{4239599F-6A0A-46E3-AA5B-3EFDB4F51B23}.Release|x86.Build.0 = Release|Win32
		{11EC8272-A2AC-4B32-9252-7B11874980F1}.Debug|x64.ActiveCfg = Debug|x64
		{11EC8272-A2AC-4B32-9252-7B11874980F1}.Debug|x64.Build.0 = Debug|x64
		{11EC8272-A2AC-4B32-9252-7B11874980F1}.Debug|x86.ActiveCfg = Debug|Win32
		{11EC8272-A2AC-4B32-9252-7B11874980F1}.Debug|x86.Build.0 = Debug|Win32
		{11EC8272-A2AC-4B32-9252-7B11874980F1}.Release|x64.ActiveCfg = Release|x64
		{11EC8272-A2AC-4B32-9252-7B11874980F1}.Release|x64.Build.0 = Release|x64
		{11EC8272-A2AC-4B32-9252-7B11874980F1}.Release|x86.ActiveCfg = Release|Win32
		{11EC8272-A2AC-4B32-9252-7B11874980F1}.Release|x86.Build.0 = Release|Win32
		{AE655115-8276-4FC2-A321-F9EB9C537C9A}.Debug|x64.ActiveCfg = Debug|x64
		{AE655115-8276-4FC2-A321-F9EB9C537C9A}.Debug|x64.Build.0 = Debug|x64
		{AE655115-8276-4FC2-A321-F9EB9C537C9A}.Debug|x86.ActiveCfg = Debug|Win32
		{AE655115-8276-4FC2-A321-F9EB9C537C9A}.Debug|x86.Build.0 = Debug|Win32
		{AE655115-8276-4FC2-A321-F9EB9C537C9A}.Release|x64.ActiveCfg = Release|x64
		{AE655115-8276-4FC2-A321-F9EB9C537C9A}.Release|x64.Build.0 = Release|x64
		{AE655115-8276-4FC2-A321-F9EB9C537C9A}.Release|x86.ActiveCfg = Release|Win32
		{AE655115-8276-4FC2-A321-F9EB9C537C9A}.Release|x86.Build.0 = Release|Win32
		{73520B02-1008-47C0-A893-FA50A9D9471E}.Debug|x64.ActiveCfg = Debug|x64
		{73520B02-1008-47C0-A893-FA50A9D9471E}.Debug|x64.Build.0 = Debug|x64
		{73520B02-1008-47C0-A893-FA50A9D9471E}.Debug|x86.ActiveCfg = Debug|Win32
		{73520B02-1008-47C0-A893-FA50A9D9471E}.Debug|x86.Build.0 = Debug|Win32
		{73520B02-1008-47C0-A893-FA50A9D9471E}.Release|x64.ActiveCfg = Release|x64
		{73520B02-1008-47C0-A893-FA50A9D9471E}.Release|x64.Build.0 = Release|x64
		{73520B02-1008-47C0-A893-FA50A9D9471E}.Release|x86.ActiveCfg = Release|Win32
		{73520B02-1008-47C0-A893-FA50A9D9471E}.Release|x86.Build.0 = Release|Win32
		{200C428F-AD4B-44B4-9354-91A998E4136C}.Debug|x64.ActiveCfg = Debug|x64
		{200C428F-AD4B-44B4-9354-91A998E4136C}.Debug|x64.Build.0 = Debug|x64
		{200C428F-AD4B-44B4-9354-91A998E4136C}.Debug|x86.ActiveCfg = Debug|Win32
		{200C428F-AD4B-44B4-9354-91A998E4136C}.Debug|x86.Build.0 = Debug|Win32
		{200C428F-AD4B-44B4-9354-91A998E4136C}.Release|x64.ActiveCfg = Release|x64
		{200C428F-AD4B-44B4-9354-91A998E4136C}.Release|x64.Build.0 = Release|x64
		{200C428F-AD4B-44B4-9354-91A998E4136C}.Release|x86.ActiveCfg = Release|Win32
		{200C428F-AD4B-44B4-9354-91A998E4136C}.Release|x86.Build.0 = Release|Win32
		{8BC670F9-C9A2-4DA8-B4E3-E87F1CEF2FD3}.Debug|x64.ActiveCfg = Debug|x64
		{8BC670F9-C9A2-4DA8-B4E3-E87F1CEF2FD3}.Debug|x64.Build.0 = Debug|x64
		{8BC670F9-C9A2-4DA8-B4E3-E87F1CEF2FD3}.Debug|x86.ActiveCfg = Debug|Win32
		{8BC670F9-C9A2-4DA8-B4E3-E87F1CEF2FD3}.Debug|x86.Build.0 = Debug|Win32
		{8BC670F9-C9A2-4DA8-B4E3-E87F1CEF2FD3}.Release|x64.ActiveCfg = Release|x64
		{8BC670F9-C9A2-4DA8-B4E3-E87F1CEF2FD3}.Release|x64.Build.0 = Release|x64
		{8BC670F9-C9A2-4DA8-B4E3-E87F1CEF2FD3}.Release|x86.ActiveCfg = Release|Win32
		{8BC670F9-C9A2-4DA8-B4E3-E87F1CEF2FD3}.Release|x86.Build.0 = Release|Win32
		{689EF354-DB44-4F30-A20F-891BD3D0061B}.Debug|x64.ActiveCfg = Debug|x64
		{689EF354-DB44-4F30-A20F-891BD3D0061B}.Debug|x64.Build.0 = Debug|x64
		{689EF354-DB44-4F30-A20F-891BD3D0061B}.Debug|x86.ActiveCfg = Debug|Win32
		{689EF354-DB44-4F30-A20F-891BD3D0061B}.Debug|x86.Build.0 = Debug|Win32
		{689EF354-DB44-4F30-A20F-891BD3D0061B}.Release|x64.ActiveCfg = Release|x64
		{689EF354-DB44-4F30-A20F-891BD3D0061B}.Release|x64.Build.0 = Release|x64
		{689EF354-DB44-4F30-A20F-891BD3D0061B}.Release|x86.ActiveCfg = Release|Win32
		{689EF354-DB44-4F30-A20F-891BD3D0061B}.Release|x86.Build.0 = Release|Win32
		{D3CC9033-787B-4F82-B805-0E9C720B69A8}.Debug|x64.ActiveCfg = Debug|x64
		{D3CC9033-787B-4F82-B805-0E9C720B69A8}.Debug|x64.Build.0 = Debug|x64
		{D3CC9033-787B-4F82-B805-0E9C720B69A8}.Debug|x86.ActiveCfg = Debug|Win32
		{D3CC9033-787B-4F82-B805-0E9C720B69A8}.Debug|x86.Build.0 = Debug|Win32
		{D3CC9033-787B-4F82-B805-0E9C720B69A8}.Release|x64.ActiveCfg = Release|x64
		{D3CC9033-787B-4F82-B805-0E9C720B69A8}.Release|x64.Build.0 = Release|x64
		{D3CC9033-787B-4F82-B805-0E9C720B69A8}.Release|x86.ActiveCfg = Release|Win32
		{D3CC9033-787B-4F82-B805-0E9C720B69A8}.Release|x86.Build.0 = Release|Win32
		{69C40717-B4A5-41AA-8F87-CEB7EB07F717}.Debug|x64.ActiveCfg = Debug|x64
		{69C40717-B4A5-41AA-8F87-CEB7EB07F717}.Debug|x64.Build.0 = Debug|x64
		{69C40717-B4A5-41AA-8F87-CEB7EB07F717}.Debug|x86.ActiveCfg = Debug|Win32
		{69C40717-B4A5-41AA-8F87-CEB7EB07F717}.Debug|x86.Build.0 = Debug|Win32
		{69C40717-B4A5-41AA-8F87-CEB7EB07F717}.Release|x64.ActiveCfg = Release|x64
		{69C40717-B4A5-41AA-8F87-CEB7EB07F717}.Release|x64.Build.0 = Release|x64
		{69C40717-B4A5-41AA-8F87-CEB7EB07F717}.Release|x86.ActiveCfg = Release|Win32
		{69C40717-B4A5-41AA-8F87-CEB7EB07F717}.Release|x86.Build.0 = Release|Win32
		{EFCFC6E9-C2BD-469B-B323-0009787A2A2C}.Debug|x64.ActiveCfg = Debug|x64
		{EFCFC6E9-C2BD-469B-B323-0009787A2A2C}.Debug|x64.Build.0 = Debug|x64
		{EFCFC6E9-C2BD-469B-B323-0009787A2A2C}.Debug|x86.ActiveCfg = Debug|Win32
		{EFCFC6E9-C2BD-469B-B323-0009787A2A2C}.Debug|x86.Build.0 = Debug|Win32
		{EFCFC6E9-C2BD-469B-B323-0009787A2A2C}.Release|x64.ActiveCfg = Release|x64
		{EFCFC6E9-C2BD-469B-B323-0009787A2A2C}.Release|x64.Build.0 = Release|x64
		{EFCFC6E9-C2BD-469B-B323-0009787A2A2C}.Release|x86.ActiveCfg = Release|Win32
		{EFCFC6E9-C2BD-469B-B323-0009787A2A2C}.Release|x86.Build.0 = Release|Win32
		{F77494C6-18F6-46AD-BBAB-64C157EAAB64}.Debug|x64.ActiveCfg = Debug|x64
		{F77494C6-18F6-46AD-BBAB-64C157EAAB64}.Debug|x64.Build.0 = Debug|x64
		{F77494C6-18F6-46AD-BBAB-64C157EAAB64}.Debug|x86.ActiveCfg = Debug|Win32
		{F77494C6-18F6-46AD-BBAB-64C157EAAB64}.Debug|x86.Build.0 = Debug|Win32
		{F77494C6-18F6-46AD-BBAB-64C157EAAB64}.Release|x64.ActiveCfg = Release|x64
		{F77494C6-18F6-46AD-BBAB-64C157EAAB64}.Release|x64.Build.0 = Release|x64
		{F77494C6-18F6-46AD-BBAB-64C157EAAB64}.Release|x86.ActiveCfg = Release|Win32
		{F77494C6-18F6-46AD-BBAB-64C157EAAB64}.Release|x86.Build.0 = Release|Win32
		{63BC86E6-494B-424D-ADD7-01D35ED7E1BD}.Debug|x64.ActiveCfg = Debug|x64
		{63BC86E6-494B-424D-ADD7-01D35ED7E1BD}.Debug|x64.Build.0 = Debug|x64
		{63BC86E6-494B-424D-ADD7-01D35ED7E1BD}.Debug|x86.ActiveCfg = Debug|Win32
		{63BC86E6-494B-424D-ADD7-01D35ED7E1BD}.Debug|x86.Build.0 = Debug|Win32
		{63BC86E6-494B-424D-ADD7-01D35ED7E1BD}.Release|x64.ActiveCfg = Release|x64
		{63BC86E6-494B-424D-ADD7-01D35ED7E1BD}.Release|x64.Build.0 = Release|x64
		{63BC86E6-494B-424D-ADD7-01D35ED7E1BD}.Release|x86.ActiveCfg = Release|Win32
		{63BC86E6-494B-424D-ADD7-01D35ED7E1BD}.Release|x86.Build.0 = Release|Win32
		{FBFB6DAE-C8D3-4FD1-8205-B7C15BB57A8C}.Debug|x64.ActiveCfg = Debug|x64
		{FBFB6DAE-C8D3-4FD1-8205-B7C15BB57A8C}.Debug|x64.Build.0 = Debug|x64
		{FBFB6DAE-C8D3-4FD1-8205-B7C15BB57A8C}.Debug|x86.ActiveCfg = Debug|Win32
		{FBFB6DAE-C8D3-4FD1-8205-B7C15BB57A8C}.Debug|x86.Build.0 = Debug|Win32
		{FBFB6DAE-C8D3-4FD1-8205-B7C15BB57A8C}.Release|x64.ActiveCfg = Release|x64
		{FBFB6DAE-C8D3-4FD1-8205-B7C15BB57A8C}.Release|x64.Build.0 = Release|x64
		{FBFB6DAE-C8D3-4FD1-8205-B7C15BB57A8C}.Release|x86.ActiveCfg = Release|Win32
		{FBFB6DAE-C8D3-4FD1-8205-B7C15BB57A8C}.Release|x86.Build.0 = Release|Win32
		{42154CF9-D731-4945-AEA9-8F53F1CFF24D}.Debug|x64.ActiveCfg = Debug|x64
		{42154CF9-D731-4945-AEA9-8F53F1CFF24D}.Debug|x64.Build.0 = Debug|x64
		{42154CF9-D731-4945-AEA9-8F53F1CFF24D}.Debug|x86.ActiveCfg = Debug|Win32
		{42154CF9-D731-4945-AEA9-8F53F1CFF24D}.Debug|x86.Build.0 = Debug|Win32
		{42154CF9-D731-4945-AEA9-8F53F1CFF24D}.Release|x64.ActiveCfg = Release|x64
		{42154CF9-D731-4945-AEA9-8F53F1CFF24D}.Release|x64.Build.0 = Release|x64
		{42154CF9-D731-4945-AEA9-8F53F1CFF24D}.Release|x86.ActiveCfg = Release|Win32
		{42154CF9-D731-4945-AEA9-8F53F1CFF24D}.Release|x86.Build.0 = Release|Win32
		{5D74528E-F11A-4A5D-BAC9-4493421FE593}.Debug|x64.ActiveCfg = Debug|x64
		{5D74528E-F11A-4A5D-BAC9-4493421FE593}.Debug|x64.Build.0 = Debug|x64
		{5D74528E-F11A-4A5D-BAC9-4493421FE593}.Debug|x86.ActiveCfg = Debug|Win32
		{5D74528E-F11A-4A5D-BAC9-4493421FE593}.Debug|x86.Build.0 = Debug|Win32
		{5D74528E-F11A-4A5D-BAC9-4493421FE593}.Release|x64.ActiveCfg = Release|x64
		{5D74528E-F11A-4A5D-BAC9-4493421FE593}.Release|x64.Build.0 = Release|x64
		{5D74528E-F11A-4A5D-BAC9-4493421FE593}.Release|x86.ActiveCfg = Release|Win32
		{5D74528E-F11A-4A5D-BAC9-4493421FE593}.Release|x86.Build.0 = Release|Win32
		{4CA1D3B8-E127-4766-BE9B-4390133C1FF8}.Debug|x64.ActiveCfg = Debug|x64
		{4CA1D3B8-E127-4766-BE9B-4390133C1FF8}.Debug|x64.Build.0 = Debug|x64
		{4CA1D3B8-E127-4766-BE9B-4390133C1FF8}.Debug|x86.ActiveCfg = Debug|Win32
		{4CA1D3B8-E127-4766-BE9B-4390133C1FF8}.Debug|x86.Build.0 = Debug|Win32
		{4CA1D3B8-E127-4766-BE9B-4390133C1FF8}.Release|x64.ActiveCfg = Release|x64
		{4CA1D3B8-E127-4766-BE9B-4390133C1FF8}.Release|x64.Build.0 = Release|x64
		{4CA1D3B8-E127-4766-BE9B-4390133C1FF8}.Release|x86.ActiveCfg = Release|Win32
		{4CA1D3B8-E127-4766-BE9B-4390133C1FF8}.Release|x86.Build.0 = Release|Win32
		{457629B8-51F1-4B3C-A22D-8DBFB028DCF1}.Debug|x64.ActiveCfg = Debug|x64
		{457629B8-51F1-4B3C-A22D-8DBFB028DCF1}.Debug|x64.Build.0 = Debug|x64
		{457629B8-51F1-4B3C-A22D-8DBFB028DCF1}.Debug|x86.ActiveCfg = Debug|Win32
		{457629B8-51F1-4B3C-A22D-8DBFB028DCF1}.Debug|x86.Build.0 = Debug|Win32
		{457629B8-51F1-4B3C-A22D-8DBFB028DCF1}.Release|x64.ActiveCfg = Release|x64
		{457629B8-51F1-4B3C-A22D-8DBFB028DCF1}.Release|x64.Build.0 = Release|x64
		{457629B8-51F1-4B3C-A22D-8DBFB028DCF1}.Release|x86.ActiveCfg = Release|Win32
		{457629B8-51F1-4B3C-A22D-8DBFB028DCF1}.Release|x86.Build.0 = Release|Win32
		{389DE677-25CE-42A2-9331-CEDEA389C52A}.Debug|x64.ActiveCfg = Debug|x64
		{389DE677-25CE-42A2-9331-CEDEA389C52A}.Debug|x64.Build.0 = Debug|x64
		{389DE677-25CE-42A2-9331-CEDEA389C52A}.Debug|x86.ActiveCfg = Debug|Win32
		{389DE677-25CE-42A2-9331-CEDEA389C52A}.Debug|x86.Build.0 = Debug|Win32
		{389DE677-25CE-42A2-9331-CEDEA389C52A}.Release|x64.ActiveCfg = Release|x64
		{389DE677-25CE-42A2-9331-CEDEA389C52A}.Release|x64.Build.0 = Release|x64
		{389DE677-25CE-42A2-9331-CEDEA389C52A}.Release|x86.ActiveCfg = Release|Win32
		{389DE677-25CE-42A2-9331-CEDEA389C52A}.Release|x86.Build.0 = Release|Win32
		{A4CD5CAD-ABE7-47BA-A40E-9D1FE4019B52}.Debug|x64.ActiveCfg = Debug|x64
		{A4CD5CAD-ABE7-47BA-A40E-9D1FE4019B52}.Debug|x64.Build.0 = Debug|x64
		{A4CD5CAD-ABE7-47BA-A40E-9D1FE4019B52}.Debug|x86.ActiveCfg = Debug|Win32
		{A4CD5CAD-ABE7-47BA-A40E-9D1FE4019B52}.Debug|x86.Build.0 = Debug|Win32
		{A4CD5CAD-ABE7-47BA-A40E-9D1FE4019B52}.Release|x64.ActiveCfg = Release|x64
		{A4CD5CAD-ABE7-47BA-A40E-9D1FE4019B52}.Release|x64.Build.0 = Release|x64
		{A4CD5CAD-ABE7-47BA-A40E-9D1FE4019B52}.Release|x86.ActiveCfg = Release|Win32
		{A4CD5CAD-ABE7-47BA-A40E-9D1FE4019B52}.Release|x86.Build.0 = Release|Win32
		{27C7EA58-CE25-4852-90B5-70CDCFAE35CA}.Debug|x64.ActiveCfg = Debug|x64
		{27C7EA58-CE25-4852-90B5-70CDCFAE35CA}.Debug|x64.Build.0 = Debug|x64
		{27C7EA58-CE25-4852-90B5-70CDCFAE35CA}.Debug|x86.ActiveCfg = Debug|Win32
		{27C7EA58-CE25-4852-90B5-70CDCFAE35CA}.Debug|x86.Build.0 = Debug|Win32
		{27C7EA58-CE25-4852-90B5-70CDCFAE35CA}.Release|x64.ActiveCfg = Release|x64
		{27C7EA58-CE25-4852-90B5-70CDCFAE35CA}.Release|x64.Build.0 = Release|x64
		{27C7EA58-CE25-4852-90B5-70CDCFAE35CA}.Release|x86.ActiveCfg = Release|Win32
		{27C7EA58-CE25-4852-90B5-70CDCFAE35CA}.Release|x86.Build.0 = Release|Win32
		{291F2150-CD71-4B35-8B95-67B1BEB121FA}.Debug|x64.ActiveCfg = Debug|x64
		{291F2150-CD71-4B35-8B95-67B1BEB121FA}.Debug|x64.Build.0 = Debug|x64
		{291F2150-CD71-4B35-8B95-67B1BEB121FA}.Debug|x86.ActiveCfg = Debug|Win32
		{291F2150-CD71-4B35-8B95-67B1BEB121FA}.Debug|x86.Build.0 = Debug|Win32
		{291F2150-CD71-4B35-8B95-67B1BEB121FA}.Release|x64.ActiveCfg = Release|x64
		{291F2150-CD71-4B35-8B95-67B1BEB121FA}.Release|x64.Build.0 = Release|x64
		{291F2150-CD71-4B35-8B95-67B1BEB121FA}.Release|x86.ActiveCfg = Release|Win32
		{291F2150-CD71-4B35-8B95-67B1BEB121FA}.Release|x86.Build.0 = Release|Win32
		{41580C0A-D5D2-48C2-A84D-47D27A41E878}.Debug|x64.ActiveCfg = Debug|x64
		{41580C0A-D5D2-48C2-A84D-47D27A41E878}.Debug|x64.Build.0 = Debug|x64
		{41580C0A-D5D2-48C2-A84D-47D27A41E878}.Debug|x86.ActiveCfg = Debug|Win32
		{41580C0A-D5D2-48C2-A84D-47D27A41E878}.Debug|x86.Build.0 = Debug|Win32
		{41580C0A-D5D2-48C2-A84D-47D27A41E878}.Release|x64.ActiveCfg = Release|x64
		{41580C0A-D5D2-48C2-A84D-47D27A41E878}.Release|x64.Build.0 = Release|x64
		{41580C0A-D5D2-48C2-A84D-47D27A41E878}.Release|x86.ActiveCfg = Release|Win32
		{41580C0A-D5D2-48C2-A84D-47D27A41E878}.Release|x86.Build.0 = Release|Win32
		{E26B2E33-39EC-4541-86CC-04C781C824AF}.Debug|x64.ActiveCfg = Debug|x64
		{E26B2E33-39EC-4541-86CC-04C781C824AF}.Debug|x64.Build.0 = Debug|x64
		{E26B2E33-39EC-4541-86CC-04C781C824AF}.Debug|x86.ActiveCfg = Debug|Win32
		{E26B2E33-39EC-4541-86CC-04C781C824AF}.Debug|x86.Build.0 = Debug|Win32
		{E26B2E33-39EC-4541-86CC-04C781C824AF}.Release|x64.ActiveCfg = Release|x64
		{E26B2E33-39EC-4541-86CC-04C781C824AF}.Release|x64.Build.0 = Release|x64
		{E26B2E33-39EC-4541-86CC-04C781C824AF}.Release|x86.ActiveCfg = Release|Win32
		{E26B2E33-39EC-4541-86CC-04C781C824AF}.Release|x86.Build.0 = Release|Win32
		{9BA8991E-32F8-4603-967E-6D0D8DD85223}.Debug|x64.ActiveCfg = Debug|x64
		{9BA8991E-32F8-4603-967E-6D0D8DD85223}.Debug|x64.Build.0 = Debug|x64
		{9BA8991E-32F8-4603-967E-6D0D8DD85223}.Debug|x86.ActiveCfg = Debug|Win32
		{9BA8991E-32F8-4603-967E-6D0D8DD85223}.Debug|x86.Build.0 = Debug|Win32
		{9BA8991E-32F8-4603-967E-6D0D8DD85223}.Release|x64.ActiveCfg = Release|x64
		{9BA8991E-32F8-4603-967E-6D0D8DD85223}.Release|x64.Build.0 = Release|x64
		{9BA8991E-32F8-4603-967E-6D0D8DD85223}.Release|x86.ActiveCfg = Release|Win32
		{9BA8991E-32F8-4603-967E-6D0D8DD85223}.Release|x86.Build.0 = Release|Win32
		{961A23A0-7FF2-49A4-B38E-E470B31E5E06}.Debug|x64.ActiveCfg = Debug|x64
		{961A23A0-7FF2-49A4-B38E-E470B31E5E06}.Debug|x64.Build.0 = Debug|x64
		{961A23A0-7FF2-49A4-B38E-E470B31E5E06}.Debug|x86.ActiveCfg = Debug|Win32
		{961A23A0-7FF2-49A4-B38E-E470B31E5E06}.Debug|x86.Build.0 = Debug|Win32
		{961A23A0-7FF2-49A4-B38E-E470B31E5E06}.Release|x64.ActiveCfg = Release|x64
		{961A23A0-7FF2-49A4-B38E-E470B31E5E06}.Release|x64.Build.0 = Release|x64
		{961A23A0-7FF2-49A4-B38E-E470B31E5E06}.Release|x86.ActiveCfg = Release|Win32
		{961A23A0-7FF2-49A4-B38E-E470B31E5E06}.Release|x86.Build.0 = Release|Win32
		{37ED15C0-4E05-45FA-95DF-8D39C54F441E}.Debug|x64.ActiveCfg = Debug|x64
		{37ED15C0-4E05-45FA-95DF-8D39C54F441E}.Debug|x64.Build.0 = Debug|x64
		{37ED15C0-4E05-45FA-95DF-8D39C54F441E}.Debug|x86.ActiveCfg = Debug|Win32
		{37ED15C0-4E05-45FA-95DF-8D39C54F441E}.Debug|x86.Build.0 = Debug|Win32
		{37ED15C0-4E05-45FA-95DF-8D39C54F441E}.Release|x64.ActiveCfg = Release|x64
		{37ED15C0-4E05-45FA-95DF-8D39C54F441E}.Release|x64.Build.0 = Release|x64
		{37ED15C0-4E05-45FA-95DF-8D39C54F441E}.Release|x86.ActiveCfg = Release|Win32
		{37ED15C0-4E05-45FA-95DF-8D39C54F441E}.Release|x86.Build.0 = Release|Win32
		{4BD31019-6740-42C5-91EB-A328B3E75A53}.Debug|x64.ActiveCfg = Debug|x64
		{4BD31019-6740-42C5-91EB-A328B3E75A53}.Debug|x64.Build.0 = Debug|x64
		{4BD31019-6740-42C5-91EB-A328B3E75A53}.Debug|x86.ActiveCfg = Debug|Win32
		{4BD31019-6740-42C5-91EB-A328B3E75A53}.Debug|x86.Build.0 = Debug|Win32
		{4BD31019-6740-42C5-91EB-A328B3E75A53}.Release|x64.ActiveCfg = Release|x64
		{4BD31019-6740-42C5-91EB-A328B3E75A53}.Release|x64.Build.0 = Release|x64
		{4BD31019-6740-42C5-91EB-A328B3E75A53}.Release|x86.ActiveCfg = Release|Win32
		{4BD31019-6740-42C5-91EB-A328B3E75A53}.Release|x86.Build.0 = Release|Win32
		{1F1BEE3D-E3FF-4C10-88E5-047585ECA909}.Debug|x64.ActiveCfg = Debug|x64
		{1F1BEE3D-E3FF-4C10-88E5-047585ECA909}.Debug|x64.Build.0 = Debug|x64
		{1F1BEE3D-E3FF-4C10-88E5-047585ECA909}.Debug|x86.ActiveCfg = Debug|Win32
		{1F1BEE3D-E3FF-4C10-88E5-047585ECA909}.Debug|x86.Build.0 = Debug|Win32
		{1F1BEE3D-E3FF-4C10-88E5-047585ECA909}.Release|x64.ActiveCfg = Release|x64
		{1F1BEE3D-E3FF-4C10-88E5-047585ECA909}.Release|x64.Build.0 = Release|x64
		{1F1BEE3D-E3FF-4C10-88E5-047585ECA909}.Release|x86.ActiveCfg = Release|Win32
		{1F1BEE3D-E3FF-4C10-88E5-047585ECA909}.Release|x86.Build.0 = Release|Win32
		{C5BBFAB3-0823-49C2-BEC6-CD847D5DFD7C}.Debug|x64.ActiveCfg = Debug|x64
		{C5BBFAB3-0823-49C2-BEC6-CD847D5DFD7C}.Debug|x64.Build.0 = Debug|x64
		{C5BBFAB3-0823-49C2-BEC6-CD847D5DFD7C}.Debug|x86.ActiveCfg = Debug|Win32
		{C5BBFAB3-0823-49C2-BEC6-CD847D5DFD7C}.Debug|x86.Build.0 = Debug|Win32
		{C5BBFAB3-0823-49C2-BEC6-CD847D5DFD7C}.Release|x64.ActiveCfg = Release|x64
		{C5BBFAB3-0823-49C2-BEC6-CD847D5DFD7C}.Release|x64.Build.0 = Release|x64
		{C5BBFAB3-0823-49C2-BEC6-CD847D5DFD7C}.Release|x86.ActiveCfg = Release|Win32
		{C5BBFAB3-0823-49C2-BEC6-CD847D5DFD7C}.Release|x86.Build.0 = Release|Win32
		{A1AA8C65-2272-4E03-B318-9CC1C0289464}.Debug|x64.ActiveCfg = Debug|x64
		{A1AA8C65-2272-4E03-B318-9CC1C0289464}.Debug|x64.Build.0 = Debug|x64
		{A1AA8C65-2272-4E03-B318-9CC1C0289464}.Debug|x86.ActiveCfg = Debug|Win32
		{A1AA8C65-2272-4E03-B318-9CC1C0289464}.Debug|x86.Build.0 = Debug|Win32
		{A1AA8C65-2272-4E03-B318-9CC1C0289464}.Release|x64.ActiveCfg = Release|x64
		{A1AA8C65-2272-4E03-B318-9CC1C0289464}.Release|x64.Build.0 = Release|x64
		{A1AA8C65-2272-4E03-B318-9CC1C0289464}.Release|x86.ActiveCfg = Release|Win32
		{A1AA8C65-2272-4E03-B318-9CC1C0289464}.Release|x86.Build.0 = Release|Win32
		{857ED837-9D34-4D8A-AA4F-594766B34DD7}.Debug|x64.ActiveCfg = Debug|x64
		{857ED837-9D34-4D8A-AA4F-594766B34DD7}.Debug|x64.Build.0 = Debug|x64
		{857ED837-9D34-4D8A-AA4F-594766B34DD7}.Debug|x86.ActiveCfg = Debug|Win32
		{857ED837-9D34-4D8A-AA4F-594766B34DD7}.Debug|x86.Build.0 = Debug|Win32
		{857ED837-9D34-4D8A-AA4F-594766B34DD7}.Release|x64.ActiveCfg = Release|x64
		{857ED837-9D34-4D8A-AA4F-594766B34DD7}.Release|x64.Build.0 = Release|x64
		{857ED837-9D34-4D8A-AA4F-594766B34DD7}.Release|x86.ActiveCfg = Release|Win32
		{857ED837-9D34-4D8A-AA4F-594766B34DD7}.Release|x86.Build.0 = Release|Win32
		{4C4FDD49-DD10-4E36-92C1-478B1F36C4CD}.Debug|x64.ActiveCfg = Debug|x64
		{4C4FDD49-DD10-4E36-92C1-478B1F36C4CD}.Debug|x64.Build.0 = Debug|x64
		{4C4FDD49-DD10-4E36-92C1-478B1F36C4CD}.Debug|x86.ActiveCfg = Debug|Win32
		{4C4FDD49-DD10-4E36-92C1-478B1F36C4CD}.Debug|x86.Build.0 = Debug|Win32
		{4C4FDD49-DD10-4E36-92C1-478B1F36C4CD}.Release|x64.ActiveCfg = Release|x64
		{4C4FDD49-DD10-4E36-92C1-478B1F36C4CD}.Release|x64.Build.0 = Release|x64
		{4C4FDD49-DD10-4E36-92C1-478B1F36C4CD}.Release|x86.ActiveCfg = Release|Win32
		{4C4FDD49-DD10-4E36-92C1-478B1F36C4CD}.Release|x86.Build.0 = Release|Win32
		{FEA8DF37-9AEF-4685-8489-BB6397BB6CC4}.Debug|x64.ActiveCfg = Debug|x64
		{FEA8DF37-9AEF-4685-8489-BB6397BB6CC4}.Debug|x64.Build.0 = Debug|x64
		{FEA8DF37-9AEF-4685-8489-BB6397BB6CC4}.Debug|x86.ActiveCfg = Debug|Win32
		{FEA8DF37-9AEF-4685-8489-BB6397BB6CC4}.Debug|x86.Build.0 = Debug|Win32
		{FEA8DF37-9AEF-4685-8489-BB6397BB6CC4}.Release|x64.ActiveCfg = Release|x64
		{FEA8DF37-9AEF-4685-8489-BB6397BB6CC4}.Release|x64.Build.0 = Release|x64
		{FEA8DF37-9AEF-4685-8489-BB6397BB6CC4}.Release|x86.ActiveCfg = Release|Win32
		{FEA8DF37-9AEF-4685-8489-BB6397BB6CC4}.Release|x86.Build.0 = Release|Win32
		{4A9F041E-3A5C-4E4F-AA2B-9BA2CAAD519D}.Debug|x64.ActiveCfg = Debug|x64
		{4A9F041E-3A5C-4E4F-AA2B-9BA2CAAD519D}.Debug|x64.Build.0 = Debug|x64
		{4A9F041E-3A5C-4E4F-AA2B-9BA2CAAD519D}.Debug|x86.ActiveCfg = Debug|Win32
		{4A9F041E-3A5C-4E4F-AA2B-9BA2CAAD519D}.Debug|x86.Build.0 = Debug|Win32
		{4A9F041E-3A5C-4E4F-AA2B-9BA2CAAD519D}.Release|x64.ActiveCfg = Release|x64
		{4A9F041E-3A5C-4E4F-AA2B-9BA2CAAD519D}.Release|x64.Build.0 = Release|x64
		{4A9F041E-3A5C-4E4F-AA2B-9BA2CAAD519D}.Release|x86.ActiveCfg = Release|Win32
		{4A9F041E-3A5C-4E4F-AA2B-9BA2CAAD519D}.Release|x86.Build.0 = Release|Win32
		{D984B948-36B1-4470-A99C-3F056B2BBF6A}.Debug|x64.ActiveCfg = Debug|x64
		{D984B948-36B1-4470-A99C-3F056B2BBF6A}.Debug|x64.Build.0 = Debug|x64
		{D984B948-36B1-4470-A99C-3F056B2BBF6A}.Debug|x86.ActiveCfg = Debug|Win32
		{D984B948-36B1-4470-A99C-3F056B2BBF6A}.Debug|x86.Build.0 = Debug|Win32
		{D984B948-36B1-4470-A99C-3F056B2BBF6A}.Release|x64.ActiveCfg = Release|x64
		{D984B948-36B1-4470-A99C-3F056B2BBF6A}.Release|x64.Build.0 = Release|x64
		{D984B948-36B1-4470-A99C-3F056B2BBF6A}.Release|x86.ActiveCfg = Release|Win32
		{D984B948-36B1-4470-A99C-3F056B2BBF6A}.Release|x86.Build.0 = Release|Win32
		{88EF6776-3FA4-46DF-90CA-9515E4BA18EF}.Debug|x64.ActiveCfg = Debug|x64
		{88EF6776-3FA4-46DF-90CA-9515E4BA18EF}.Debug|x64.Build.0 = Debug|x64
		{88EF6776-3FA4-46DF-90CA-9515E4BA18EF}.Debug|x86.ActiveCfg = Debug|Win32
		{88EF6776-3FA4-46DF-90CA-9515E4BA18EF}.Debug|x86.Build.0 = Debug|Win32
		{88EF6776-3FA4-46DF-90CA-9515E4BA18EF}.Release|x64.ActiveCfg = Release|x64
		{88EF6776-3FA4-46DF-90CA-9515E4BA18EF}.Release|x64.Build.0 = Release|x64
		{88EF6776-3FA4-46DF-90CA-9515E4BA18EF}.Release|x86.ActiveCfg = Release|Win32
		{88EF6776-3FA4-46DF-90CA-9515E4BA18EF}.Release|x86.Build.0 = Release|Win32
		{99EDF31F-A628-450C-8E9E-EBDA6C84CAE6}.Debug|x64.ActiveCfg = Debug|x64
		{99EDF31F-A628-450C-8E9E-EBDA6C84CAE6}.Debug|x64.Build.0 = Debug|x64
		{99EDF31F-A628-450C-8E9E-EBDA6C84CAE6}.Debug|x86.ActiveCfg = Debug|Win32
		{99EDF31F-A628-450C-8E9E-EBDA6C84CAE6}.Debug|x86.Build.0 = Debug|Win32
		{99EDF31F-A628-450C-8E9E-EBDA6C84CAE6}.Release|x64.ActiveCfg = Release|x64
		{99EDF31F-A628-450C-8E9E-EBDA6C84CAE6}.Release|x64.Build.0 = Release|x64
		{99EDF31F-A628-450C-8E9E-EBDA6C84CAE6}.Release|x86.ActiveCfg = Release|Win32
		{99EDF31F-A628-450C-8E9E-EBDA6C84CAE6}.Release|x86.Build.0 = Release|Win32
		{AA8E9961-F2CD-4434-9E8C-4CF22163C8B8}.Debug|x64.ActiveCfg = Debug|x64
		{AA8E9961-F2CD-4434-9E8C-4CF22163C8B8}.Debug|x64.Build.0 = Debug|x64
		{AA8E9961-F2CD-4434-9E8C-4CF22163C8B8}.Debug|x86.ActiveCfg = Debug|Win32
		{AA8E9961-F2CD-4434-9E8C-4CF22163C8B8}.Debug|x86.Build.0 = Debug|Win32
		{AA8E9961-F2CD-4434-9E8C-4CF22163C8B8}.Release|x64.ActiveCfg = Release|x64
		{AA8E9961-F2CD-4434-9E8C-4CF22163C8B8}.Release|x64.Build.0 = Release|x64
		{AA8E9961-F2CD-4434-9E8C-4CF22163C8B8}.Release|x86.ActiveCfg = Release|Win32
		{AA8E9961-F2CD-4434-9E8C-4CF22163C8B8}.Release|x86.Build.0 = Release|Win32
		{0A7CA673-A6D0-426E-9786-FE979C6E1466}.Debug|x64.ActiveCfg = Debug|x64
		{0A7CA673-A6D0-426E-9786-FE979C6E1466}.Debug|x64.Build.0 = Debug|x64
		{0A7CA673-A6D0-426E-9786-FE979C6E1466}.Debug|x86.ActiveCfg = Debug|Win32
		{0A7CA673-A6D0-426E-9786-FE979C6E1466}.Debug|x86.Build.0 = Debug|Win32
		{0A7CA673-A6D0-426E-9786-FE979C6E1466}.Release|x64.ActiveCfg = Release|x64
		{0A7CA673-A6D0-426E-9786-FE979C6E1466}.Release|x64.Build.0 = Release|x64
		{0A7CA673-A6D0-426E-9786-FE979C6E1466}.Release|x86.ActiveCfg = Release|Win32
		{0A7CA673-A6D0-426E-9786-FE979C6E1466}.Release|x86.Build.0 = Release|Win32
		{F2050C08-2D3D-4F36-B79A-FA57191DC29E}.Debug|x64.ActiveCfg = Debug|x64
		{F2050C08-2D3D-4F36-B79A-FA57191DC29E}.Debug|x64.Build.0 = Debug|x64
		{F2050C08-2D3D-4F36-B79A-FA57191DC29E}.Debug|x86.ActiveCfg = Debug|Win32
		{F2050C08-2D3D-4F36-B79A-FA57191DC29E}.Debug|x86.Build.0 = Debug|Win32
		{F2050C08-2D3D-4F36-B79A-FA57191DC29E}.Release|x64.ActiveCfg = Release|x64
		{F2050C08-2D3D-4F36-B79A-FA57191DC29E}.Release|x64.Build.0 = Release|x64
		{F2050C08-2D3D-4F36-B79A-FA57191DC29E}.Release|x86.ActiveCfg = Release|Win32
		{F2050C08-2D3D-4F36-B79A-FA57191DC29E}.Release|x86.Build.0 = Release|Win32
		{38F8F9F1-4899-4465-81B9-A1BBA94C6C1B}.Debug|x64.ActiveCfg = Debug|x64
		{38F8F9F1-4899-4465-81B9-A1BBA94C6C1B}.Debug|x64.Build.0 = Debug|x64
		{38F8F9F1-4899-4465-81B9-A1BBA94C6C1B}.Debug|x86.ActiveCfg = Debug|Win32
		{38F8F9F1-4899-4465-81B9-A1BBA94C6C1B}.Debug|x86.Build.0 = Debug|Win32
		{38F8F9F1-4899-4465-81B9-A1BBA94C6C1B}.Release|x64.ActiveCfg = Release|x64
		{38F8F9F1-4899-4465-81B9-A1BBA94C6C1B}.Release|x64.Build.0 = Release|x64
		{38F8F9F1-4899-4465-81B9-A1BBA94C6C1B}.Release|x86.ActiveCfg = Release|Win32
		{38F8F9F1-4899-4465-81B9-A1BBA94C6C1B}.Release|x86.Build.0 = Release|Win32
		{7914CB16-E57C-41A6-A9BE-C929442406D9}.Debug|x64.ActiveCfg = Debug|x64
		{7914CB16-E57C-41A6-A9BE-C929442406D9}.Debug|x64.Build.0 = Debug|x64
		{7914CB16-E57C-41A6-A9BE-C929442406D9}.Debug|x86.ActiveCfg = Debug|Win32
		{7914CB16-E57C-41A6-A9BE-C929442406D9}.Debug|x86.Build.0 = Debug|Win32
		{7914CB16-E57C-41A6-A9BE-C929442406D9}.Release|x64.ActiveCfg = Release|x64
		{7914CB16-E57C-41A6-A9BE-C929442406D9}.Release|x64.Build.0 = Release|x64
		{7914CB16-E57C-41A6-A9BE-C929442406D9}.Release|x86.ActiveCfg = Release|Win32
		{7914CB16-E57C-41A6-A9BE-C929442406D9}.Release|x86.Build.0 = Release|Win32
		{07B29C3C-52D4-4E46-B83E-18BA1DABED17}.Debug|x64.ActiveCfg = Debug|x64
		{07B29C3C-52D4-4E46-B83E-18BA1DABED17}.Debug|x64.Build.0 = Debug|x64
		{07B29C3C-52D4-4E46-B83E-18BA1DABED17}.Debug|x86.ActiveCfg = Debug|Win32
		{07B29C3C-52D4-4E46-B83E-18BA1DABED17}.Debug|x86.Build.0 = Debug|Win32
		{07B29C3C-52D4-4E46-B83E-18BA1DABED17}.Release|x64.ActiveCfg = Release|x64
		{07B29C3C-52D4-4E46-B83E-18BA1DABED17}.Release|x64.Build.0 = Release|x64
		{07B29C3C-52D4-4E46-B83E-18BA1DABED17}.Release|x86.ActiveCfg = Release|Win32
		{07B29C3C-52D4-4E46-B83E-18BA1DABED17}.Release|x86.Build.0 = Release|Win32
		{CD39F799-2803-45AA-B940-356081D4C31A}.Debug|x64.ActiveCfg = Debug|x64
		{CD39F799-2803-45AA-B940-356081D4C31A}.Debug|x64.Build.0 = Debug|x64
		{CD39F799-2803-45AA-B940-356081D4C31A}.Debug|x86.ActiveCfg = Debug|Win32
		{CD39F799-2803-45AA-B940-356081D4C31A}.Debug|x86.Build.0 = Debug|Win32
		{CD39F799-2803-45AA-B940-356081D4C31A}.Release|x64.ActiveCfg = Release|x64
		{CD39F799-2803-45AA-B940-356081D4C31A}.Release|x64.Build.0 = Release|x64
		{CD39F799-2803-45AA-B940-356081D4C31A}.Release|x86.ActiveCfg = Release|Win32
		{CD39F799-2803-45AA-B940-356081D4C31A}.Release|x86.Build.0 = Release|Win32
		{53C960A4-3E50-4F6B-B61C-1888C95BA70A}.Debug|x64.ActiveCfg = Debug|x64
		{53C960A4-3E50-4F6B-B61C-1888C95BA70A}.Debug|x64.Build.0 = Debug|x64
		{53C960A4-3E50-4F6B-B61C-1888C95BA70A}.Debug|x86.ActiveCfg = Debug|Win32
		{53C960A4-3E50-4F6B-B61C-1888C95BA70A}.Debug|x86.Build.0 = Debug|Win32
		{53C960A4-3E50-4F6B-B61C-1888C95BA70A}.Release|x64.ActiveCfg = Release|x64
		{53C960A4-3E50-4F6B-B61C-1888C95BA70A}.Release|x64.Build.0 = Release|x64
		{53C960A4-3E50-4F6B-B61C-1888C95BA70A}.Release|x86.ActiveCfg = Release|Win32
		{53C960A4-3E50-4F6B-B61C-1888C95BA70A}.Release|x86.Build.0 = Release|Win32
		{6C98E554-8C20-4B9B-A512-6C1A2114EDE7}.Debug|x64.ActiveCfg = Debug|x64
		{6C98E554-8C20-4B9B-A512-6C1A2114EDE7}.Debug|x64.Build.0 = Debug|x64
		{6C98E554-8C20-4B9B-A512-6C1A2114EDE7}.Debug|x86.ActiveCfg = Debug|Win32
		{6C98E554-8C20-4B9B-A512-6C1A2114EDE7}.Debug|x86.Build.0 = Debug|Win32
		{6C98E554-8C20-4B9B-A512-6C1A2114EDE7}.Release|x64.ActiveCfg = Release|x64
		{6C98E554-8C20-4B9B-A512-6C1A2114EDE7}.Release|x64.Build.0 = Release|x64
		{6C98E554-8C20-4B9B-A512-6C1A2114EDE7}.Release|x86.ActiveCfg = Release|Win32
		{6C98E554-8C20-4B9B-A512-6C1A2114EDE7}.Release|x86.Build.0 = Release|Win32
		{7FC9F2A3-982C-4004-9463-A15DF15F1D66}.Debug|x64.ActiveCfg = Debug|x64
		{7FC9F2A3-982C-4004-9463-A15DF15F1D66}.Debug|x64.Build.0 = Debug|x64
		{7FC9F2A3-982C-4004-9463-A15DF15F1D66}.Debug|x86.ActiveCfg = Debug|Win32
		{7FC9F2A3-982C-4004-9463-A15DF15F1D66}.Debug|x86.Build.0 = Debug|Win32
		{7FC9F2A3-982C-4004-9463-A15DF15F1D66}.Release|x64.ActiveCfg = Release|x64
		{7FC9F2A3-982C-4004-9463-A15DF15F1D66}.Release|x64.Build.0 = Release|x64
		{7FC9F2A3-982C-4004-9463-A15DF15F1D66}.Release|x86.ActiveCfg = Release|Win32
		{7FC9F2A3-982C-4004-9463-A15DF15F1D66}.Release|x86.Build.0 = Release|Win32
		{89F7EF78-4D71-43DD-B548-ED4BDA1E2B31}.Debug|x64.ActiveCfg = Debug|x64
		{89F7EF78-4D71-43DD-B548-ED4BDA1E2B31}.Debug|x64.Build.0 = Debug|x64
		{89F7EF78-4D71-43DD-B548-ED4BDA1E2B31}.Debug|x86.ActiveCfg = Debug|Win32
		{89F7EF78-4D71-43DD-B548-ED4BDA1E2B31}.Debug|x86.Build.0 = Debug|Win32
		{89F7EF78-4D71-43DD-B548-ED4BDA1E2B31}.Release|x64.ActiveCfg = Release|x64
		{89F7EF78-4D71-43DD-B548-ED4BDA1E2B31}.Release|x64.Build.0 = Release|x64
		{89F7EF78-4D71-43DD-B548-ED4BDA1E2B31}.Release|x86.ActiveCfg = Release|Win32
		{89F7EF78-4D71-43DD-B548-ED4BDA1E2B31}.Release|x86.Build.0 = Release|Win32
		{5D48ACAC-5042-4FE9-AD4B-046B0E067325}.Debug|x64.ActiveCfg = Debug|x64
		{5D48ACAC-5042-4FE9-AD4B-046B0E067325}.Debug|x64.Build.0 = Debug|x64
		{5D48ACAC-5042-4FE9-AD4B-046B0E067325}.Debug|x86.ActiveCfg = Debug|Win32
		{5D48ACAC-5042-4FE9-AD4B-046B0E067325}.Debug|x86.Build.0 = Debug|Win32
		{5D48ACAC-5042-4FE9-AD4B-046B0E067325}.Release|x64.ActiveCfg = Release|x64
		{5D48ACAC-5042-4FE9-AD4B-046B0E067325}.Release|x64.Build.0 = Release|x64
		{5D48ACAC-5042-4FE9-AD4B-046B0E067325}.Release|x86.ActiveCfg = Release|Win32
		{5D48ACAC-5042-4FE9-AD4B-046B0E067325}.Release|x86.Build.0 = Release|Win32
		{6FF9FD2C-845F-4F75-8773-7A749EAA00F9}.Debug|x64.ActiveCfg = Debug|x64
		{6FF9FD2C-845F-4F75-8773-7A749EAA00F9}.Debug|x64.Build.0 = Debug|x64
		{6FF9FD2C-845F-4F75-8773-7A749EAA00F9}.Debug|x86.ActiveCfg = Debug|Win32
		{6FF9FD2C-845F-4F75-8773-7A749EAA00F9}.Debug|x86.Build.0 = Debug|Win32
		{6FF9FD2C-845F-4F75-8773-7A749EAA00F9}.Release|x64.ActiveCfg = Release|x64
		{6FF9FD2C-845F-4F75-8773-7A749EAA00F9}.Release|x64.Build.0 = Release|x64
		{6FF9FD2C-845F-4F75-8773-7A749EAA00F9}.Release|x86.ActiveCfg = Release|Win32
		{6FF9FD2C-845F-4F75-8773-7A749EAA00F9}.Release|x86.Build.0 = Release|Win32
		{3450520F-D1FA-42E3-AC2E-1877D4A86612}.Debug|x64.ActiveCfg = Debug|x64
		{3450520F-D1FA-42E3-AC2E-1877D4A86612}.Debug|x64.Build.0 = Debug|x64
		{3450520F-D1FA-42E3-AC2E-1877D4A86612}.Debug|x86.ActiveCfg = Debug|Win32
		{3450520F-D1FA-42E3-AC2E-1877D4A86612}.Debug|x86.Build.0 = Debug|Win32
		{3450520F-D1FA-42E3-AC2E-1877D4A86612}.Release|x64.ActiveCfg = Release|x64
		{3450520F-D1FA-42E3-AC2E-1877D4A86612}.Release|x64.Build.0 = Release|x64
		{3450520F-D1FA-42E3-AC2E-1877D4A86612}.Release|x86.ActiveCfg = Release|Win32
		{3450520F-D1FA-42E3-AC2E-1877D4A86612}.Release|x86.Build.0 = Release|Win32
		{AF0A45C4-2FC4-404B-B285-557DC48FC107}.Debug|x64.ActiveCfg = Debug|x64
		{AF0A45C4-2FC4-404B-B285-557DC48FC107}.Debug|x64.Build.0 = Debug|x64
		{AF0A45C4-2FC4-404B-B285-557DC48FC107}.Debug|x86.ActiveCfg = Debug|Win32
		{AF0A45C4-2FC4-404B-B285-557DC48FC107}.Debug|x86.Build.0 = Debug|Win32
		{AF0A45C4-2FC4-404B-B285-557DC48FC107}.Release|x64.ActiveCfg = Release|x64
		{AF0A45C4-2FC4-404B-B285-557DC48FC107}.Release|x64.Build.0 = Release|x64
		{AF0A45C4-2FC4-404B-B285-557DC48FC107}.Release|x86.ActiveCfg = Release|Win32
		{AF0A45C4-2FC4-404B-B285-557DC48FC107}.Release|x86.Build.0 = Release|Win32
		{9A5F64CF-663F-491B-99B1-E891D0C2F043}.Debug|x64.ActiveCfg = Debug|x64
		{9A5F64CF-663F-491B-99B1-E891D0C2F043}.Debug|x64.Build.0 = Debug|x64
		{9A5F64CF-663F-491B-99B1-E891D0C2F043}.Debug|x86.ActiveCfg = Debug|Win32
		{9A5F64CF-663F-491B-99B1-E891D0C2F043}.Debug|x86.Build.0 = Debug|Win32
		{9A5F64CF-663F-491B-99B1-E891D0C2F043}.Release|x64.ActiveCfg = Release|x64
		{9A5F64CF-663F-491B-99B1-E891D0C2F043}.Release|x64.Build.0 = Release|x64
		{9A5F64CF-663F-491B-99B1-E891D0C2F043}.Release|x86.ActiveCfg = Release|Win32
		{9A5F64CF-663F-491B-99B1-E891D0C2F043}.Release|x86.Build.0 = Release|Win32
		{47FD6504-BD67-4D4C-BDD2-D3CA733499C4}.Debug|x64.ActiveCfg = Debug|x64
		{47FD6504-BD67-4D4C-BDD2-D3CA733499C4}.Debug|x64.Build.0 = Debug|x64
		{47FD6504-BD67-4D4C-BDD2-D3CA733499C4}.Debug|x86.ActiveCfg = Debug|Win32
		{47FD6504-BD67-4D4C-BDD2-D3CA733499C4}.Debug|x86.Build.0 = Debug|Win32
		{47FD6504-BD67-4D4C-BDD2-D3CA733499C4}.Release|x64.ActiveCfg = Release|x64
		{47FD6504-BD67-4D4C-BDD2-D3CA733499C4}.Release|x64.Build.0 = Release|x64
		{47FD6504-BD67-4D4C-BDD2-D3CA733499C4}.Release|x86.ActiveCfg = Release|Win32
		{47FD6504-BD67-4D4C-BDD2-D3CA733499C4}.Release|x86.Build.0 = Release|Win32
		{4991B510-70FD-494F-A165-07077D3C6654}.Debug|x64.ActiveCfg = Debug|x64
		{4991B510-70FD-494F-A165-07077D3C6654}.Debug|x64.Build.0 = Debug|x64
		{4991B510-70FD-494F-A165-07077D3C6654}.Debug|x86.ActiveCfg = Debug|Win32
		{4991B510-70FD-494F-A165-07077D3C6654}.Debug|x86.Build.0 = Debug|Win32
		{4991B510-70FD-494F-A165-07077D3C6654}.Release|x64.ActiveCfg = Release|x64
		{4991B510-70FD-494F-A165-07077D3C6654}.Release|x64.Build.0 = Release|x64
		{4991B510-70FD-494F-A165-07077D3C6654}.Release|x86.ActiveCfg = Release|Win32
		{4991B510-70FD-494F-A165-07077D3C6654}.Release|x86.Build.0 = Release|Win32
		{74398CE7-218A-4790-972F-F5E72C4F4AB1}.Debug|x64.ActiveCfg = Debug|x64
		{74398CE7-218A-4790-972F-F5E72C4F4AB1}.Debug|x64.Build.0 = Debug|x64
		{74398CE7-218A-4790-972F-F5E72C4F4AB1}.Debug|x86.ActiveCfg = Debug|Win32
		{74398CE7-218A-4790-972F-F5E72C4F4AB1}.Debug|x86.Build.0 = Debug|Win32
		{74398CE7-218A-4790-972F-F5E72C4F4AB1}.Release|x64.ActiveCfg = Release|x64
		{74398CE7-218A-4790-972F-F5E72C4F4AB1}.Release|x64.Build.0 = Release|x64
		{74398CE7-218A-4790-972F-F5E72C4F4AB1}.Release|x86.ActiveCfg = Release|Win32
		{74398CE7-218A-4790-972F-F5E72C4F4AB1}.Release|x86.Build.0 = Release|Win32
		{39B65953-C116-4D91-B04C-1738102CC5B6}.Debug|x64.ActiveCfg = Debug|x64
		{39B65953-C116-4D91-B04C-1738102CC5B6}.Debug|x64.Build.0 = Debug|x64
		{39B65953-C116-4D91-B04C-1738102CC5B6}.Debug|x86.ActiveCfg = Debug|Win32
		{39B65953-C116-4D91-B04C-1738102CC5B6}.Debug|x86.Build.0 = Debug|Win32
		{39B65953-C116-4D91-B04C-1738102CC5B6}.Release|x64.ActiveCfg = Release|x64
		{39B65953-C116-4D91-B04C-1738102CC5B6}.Release|x64.Build.0 = Release|x64
		{39B65953-C116-4D91-B04C-1738102CC5B6}.Release|x86.ActiveCfg = Release|Win32
		{39B65953-C116-4D91-B04C-1738102CC5B6}.Release|x86.Build.0 = Release|Win32
		{957AF050-5EEA-43B9-9C10-895BD4B34944}.Debug|x64.ActiveCfg = Debug|x64
		{957AF050-5EEA-43B9-9C10-895BD4B34944}.Debug|x64.Build.0 = Debug|x64
		{957AF050-5EEA-43B9-9C10-895BD4B34944}.Debug|x86.ActiveCfg = Debug|Win32
		{957AF050-5EEA-43B9-9C10-895BD4B34944}.Debug|x86.Build.0 = Debug|Win32
		{957AF050-5EEA-43B9-9C10-895BD4B34944}.Release|x64.ActiveCfg = Release|x64
		{957AF050-5EEA-43B9-9C10-895BD4B34944}.Release|x64.Build.0 = Release|x64
		{957AF050-5EEA-43B9-9C10-895BD4B34944}.Release|x86.ActiveCfg = Release|Win32
		{957AF050-5EEA-43B9-9C10-895BD4B34944}.Release|x86.Build.0 = Release|Win32
		{11A59781-43D7-4699-A05B-8C37998764AF}.Debug|x64.ActiveCfg = Debug|x64
		{11A59781-43D7-4699-A05B-8C37998764AF}.Debug|x64.Build.0 = Debug|x64
		{11A59781-43D7-4699-A05B-8C37998764AF}.Debug|x86.ActiveCfg = Debug|Win32
		{11A59781-43D7-4699-A05B-8C37998764AF}.Debug|x86.Build.0 = Debug|Win32
		{11A59781-43D7-4699-A05B-8C37998764AF}.Release|x64.ActiveCfg = Release|x64
		{11A59781-43D7-4699-A05B-8C37998764AF}.Release|x64.Build.0 = Release|x64
		{11A59781-43D7-4699-A05B-8C37998764AF}.Release|x86.ActiveCfg = Release|Win32
		{11A59781-43D7-4699-A05B-8C37998764AF}.Release|x86.Build.0 = Release|Win32
		{4EEB38B1-4F6A-4CA7-83C7-3DB832B19627}.Debug|x64.ActiveCfg = Debug|x64
		{4EEB38B1-4F6A-4CA7-83C7-3DB832B19627}.Debug|x64.Build.0 = Debug|x64
		{4EEB38B1-4F6A-4CA7-83C7-3DB832B19627}.Debug|x86.ActiveCfg = Debug|Win32
		{4EEB38B1-4F6A-4CA7-83C7-3DB832B19627}.Debug|x86.Build.0 = Debug|Win32
		{4EEB38B1-4F6A-4CA7-83C7-3DB832B19627}.Release|x64.ActiveCfg = Release|x64
		{4EEB38B1-4F6A-4CA7-83C7-3DB832B19627}.Release|x64.Build.0 = Release|x64
		{4EEB38B1-4F6A-4CA7-83C7-3DB832B19627}.Release|x86.ActiveCfg = Release|Win32
		{4EEB38B1-4F6A-4CA7-83C7-3DB832B19627}.Release|x86.Build.0 = Release|Win32
		{270D6A45-A4C2-452B-A000-9353A5C08B4F}.Debug|x64.ActiveCfg = Debug|x64
		{270D6A45-A4C2-452B-A000-9353A5C08B4F}.Debug|x64.Build.0 = Debug|x64
		{270D6A45-A4C2-452B-A000-9353A5C08B4F}.Debug|x86.ActiveCfg = Debug|Win32
		{270D6A45-A4C2-452B-A000-9353A5C08B4F}.Debug|x86.Build.0 = Debug|Win32
		{270D6A45-A4C2-452B-A000-9353A5C08B4F}.Release|x64.ActiveCfg = Release|x64
		{270D6A45-A4C2-452B-A000-9353A5C08B4F}.Release|x64.Build.0 = Release|x64
		{270D6A45-A4C2-452B-A000-9353A5C08B4F}.Release|x86.ActiveCfg = Release|Win32
		{270D6A45-A4C2-452B-A000-9353A5C08B4F}.Release|x86.Build.0 = Release|Win32
		{9D5C3A69-F578-43B3-B9AF-B32BDBC75EEB}.Debug|x64.ActiveCfg = Debug|x64
		{9D5C3A69-F578-43B3-B9AF-B32BDBC75EEB}.Debug|x64.Build.0 = Debug|x64
		{9D5C3A69-F578-43B3-B9AF-B32BDBC75EEB}.Debug|x86.ActiveCfg = Debug|Win32
		{9D5C3A69-F578-43B3-B9AF-B32BDBC75EEB}.Debug|x86.Build.0 = Debug|Win32
		{9D5C3A69-F578-43B3-B9AF-B32BDBC75EEB}.Release|x64.ActiveCfg = Release|x64
		{9D5C3A69-F578-43B3-B9AF-B32BDBC75EEB}.Release|x64.Build.0 = Release|x64
		{9D5C3A69-F578-43B3-B9AF-B32BDBC75EEB}.Release|x86.ActiveCfg = Release|Win32
		{9D5C3A69-F578-43B3-B9AF-B32BDBC75EEB}.Release|x86.Build.0 = Release|Win32
		{DB0A8488-1969-4D1A-A23D-44F434DCF6A5}.Debug|x64.ActiveCfg = Debug|x64
		{DB0A8488-1969-4D1A-A23D-44F434DCF6A5}.Debug|x64.Build.0 = Debug|x64
		{DB0A8488-1969-4D1A-A23D-44F434DCF6A5}.Debug|x86.ActiveCfg = Debug|Win32
		{DB0A8488-1969-4D1A-A23D-44F434DCF6A5}.Debug|x86.Build.0 = Debug|Win32
		{DB0A8488-1969-4D1A-A23D-44F434DCF6A5}.Release|x64.ActiveCfg = Release|x64
		{DB0A8488-1969-4D1A-A23D-44F434DCF6A5}.Release|x64.Build.0 = Release|x64
		{DB0A8488-1969-4D1A-A23D-44F434DCF6A5}.Release|x86.ActiveCfg = Release|Win32
		{DB0A8488-1969-4D1A-A23D-44F434DCF6A5}.Release|x86.Build.0 = Release|Win32
		{83555756-5045-48AC-AA15-FC0F3DFD5E11}.Debug|x64.ActiveCfg = Debug|x64
		{83555756-5045-48AC-AA15-FC0F3DFD5E11}.Debug|x64.Build.0 = Debug|x64
		{83555756-5045-48AC-AA15-FC0F3DFD5E11}.Debug|x86.ActiveCfg = Debug|Win32
		{83555756-5045-48AC-AA15-FC0F3DFD5E11}.Debug|x86.Build.0 = Debug|Win32
		{83555756-5045-48AC-AA15-FC0F3DFD5E11}.Release|x64.ActiveCfg = Release|x64
		{83555756-5045-48AC-AA15-FC0F3DFD5E11}.Release|x64.Build.0 = Release|x64
		{83555756-5045-48AC-AA15-FC0F3DFD5E11}.Release|x86.ActiveCfg = Release|Win32
		{83555756-5045-48AC-AA15-FC0F3DFD5E11}.Release|x86.Build.0 = Release|Win32
		{6AE7788D-8ECE-4611-8923-53BCF716BD91}.Debug|x64.ActiveCfg = Debug|x64
		{6AE7788D-8ECE-4611-8923-53BCF716BD91}.Debug|x64.Build.0 = Debug|x64
		{6AE7788D-8ECE-4611-8923-53BCF716BD91}.Debug|x86.ActiveCfg = Debug|Win32
		{6AE7788D-8ECE-4611-8923-53BCF716BD91}.Debug|x86.Build.0 = Debug|Win32
		{6AE7788D-8ECE-4611-8923-53BCF716BD91}.Release|x64.ActiveCfg = Release|x64
		{6AE7788D-8ECE-4611-8923-53BCF716BD91}.Release|x64.Build.0 = Release|x64
		{6AE7788D-8ECE-4611-8923-53BCF716BD91}.Release|x86.ActiveCfg = Release|Win32
		{6AE7788D-8ECE-4611-8923-53BCF716BD91}.Release|x86.Build.0 = Release|Win32
		{73C39AB4-1190-4B4C-89AA-071B683D96FA}.Debug|x64.ActiveCfg = Debug|x64
		{73C39AB4-1190-4B4C-89AA-071B683D96FA}.Debug|x64.Build.0 = Debug|x64
		{73C39AB4-1190-4B4C-89AA-071B683D96FA}.Debug|x86.ActiveCfg = Debug|Win32
		{73C39AB4-1190-4B4C-89AA-071B683D96FA}.Debug|x86.Build.0 = Debug|Win32
		{73C39AB4-1190-4B4C-89AA-071B683D96FA}.Release|x64.ActiveCfg = Release|x64
		{73C39AB4-1190-4B4C-89AA-071B683D96FA}.Release|x64.Build.0 = Release|x64
		{73C39AB4-1190-4B4C-89AA-071B683D96FA}.Release|x86.ActiveCfg = Release|Win32
		{73C39AB4-1190-4B4C-89AA-071B683D96FA}.Release|x86.Build.0 = Release|Win32
		{2BDC1693-5BBF-49AC-83E2-ED6465AC2249}.Debug|x64.ActiveCfg = Debug|x64
		{2BDC1693-5BBF-49AC-83E2-ED6465AC2249}.Debug|x64.Build.0 = Debug|x64
		{2BDC1693-5BBF-49AC-83E2-ED6465AC2249}.Debug|x86.ActiveCfg = Debug|Win32
		{2BDC1693-5BBF-49AC-83E2-ED6465AC2249}.Debug|x86.Build.0 = Debug|Win32
		{2BDC1693-5BBF-49AC-83E2-ED6465AC2249}.Release|x64.ActiveCfg = Release|x64
		{2BDC1693-5BBF-49AC-83E2-ED6465AC2249}.Release|x64.Build.0 = Release|x64
		{2BDC1693-5BBF-49AC-83E2-ED6465AC2249}.Release|x86.ActiveCfg = Release|Win32
		{2BDC1693-5BBF-49AC-83E2-ED6465AC2249}.Release|x86.Build.0 = Release|Win32
		{2BF2880E-344F-47D4-B859-3260196B212F}.Debug|x64.ActiveCfg = Debug|x64
		{2BF2880E-344F-47D4-B859-3260196B212F}.Debug|x64.Build.0 = Debug|x64
		{2BF2880E-344F-47D4-B859-3260196B212F}.Debug|x86.ActiveCfg = Debug|Win32
		{2BF2880E-344F-47D4-B859-3260196B212F}.Debug|x86.Build.0 = Debug|Win32
		{2BF2880E-344F-47D4-B859-3260196B212F}.Release|x64.ActiveCfg = Release|x64
		{2BF2880E-344F-47D4-B859-3260196B212F}.Release|x64.Build.0 = Release|x64
		{2BF2880E-344F-47D4-B859-3260196B212F}.Release|x86.ActiveCfg = Release|Win32
		{2BF2880E-344F-47D4-B859-3260196B212F}.Release|x86.Build.0 = Release|Win32
		{BF5452B4-6121-4FEA-AE03-EDB5E51BACBD}.Debug|x64.ActiveCfg = Debug|x64
		{BF5452B4-6121-4FEA-AE03-EDB5E51BACBD}.Debug|x64.Build.0 = Debug|x64
		{BF5452B4-6121-4FEA-AE03-EDB5E51BACBD}.Debug|x86.ActiveCfg = Debug|Win32
		{BF5452B4-6121-4FEA-AE03-EDB5E51BACBD}.Debug|x86.Build.0 = Debug|Win32
		{BF5452B4-6121-4FEA-AE03-EDB5E51BACBD}.Release|x64.ActiveCfg = Release|x64
		{BF5452B4-6121-4FEA-AE03-EDB5E51BACBD}.Release|x64.Build.0 = Release|x64
		{BF5452B4-6121-4FEA-AE03-EDB5E51BACBD}.Release|x86.ActiveCfg = Release|Win32
		{BF5452B4-6121-4FEA-AE03-EDB5E51BACBD}.Release|x86.Build.0 = Release|Win32
		{A858E4C7-A062-40F7-90EC-8A21A3CD1A3C}.Debug|x64.ActiveCfg = Debug|x64
		{A858E4C7-A062-40F7-90EC-8A21A3CD1A3C}.Debug|x64.Build.0 = Debug|x64
		{A858E4C7-A062-40F7-90EC-8A21A3CD1A3C}.Debug|x86.ActiveCfg = Debug|Win32
		{A858E4C7-A062-40F7-90EC-8A21A3CD1A3C}.Debug|x86.Build.0 = Debug|Win32
		{A858E4C7-A062-40F7-90EC-8A21A3CD1A3C}.Release|x64.ActiveCfg = Release|x64
		{A858E4C7-A062-40F7-90EC-8A21A3CD1A3C}.Release|x64.Build.0 = Release|x64
		{A858E4C7-A062-40F7-90EC-8A21A3CD1A3C}.Release|x86.ActiveCfg = Release|Win32
		{A858E4C7-A062-40F7-90EC-8A21A3CD1A3C}.Release|x86.Build.0 = Release|Win32
		{02D51610-D5C8-44F4-AEE2-E6F33F24155E}.Debug|x64.ActiveCfg = Debug|x64
		{02D51610-D5C8-44F4-AEE2-E6F33F24155E}.Debug|x64.Build.0 = Debug|x64
		{02D51610-D5C8-44F4-AEE2-E6F33F24155E}.Debug|x86.ActiveCfg = Debug|Win32
		{02D51610-D5C8-44F4-AEE2-E6F33F24155E}.Debug|x86.Build.0 = Debug|Win32
		{02D51610-D5C8-44F4-AEE2-E6F33F24155E}.Release|x64.ActiveCfg = Release|x64
		{02D51610-D5C8-44F4-AEE2-E6F33F24155E}.Release|x64.Build.0 = Release|x64
		{02D51610-D5C8-44F4-AEE2-E6F33F24155E}.Release|x86.ActiveCfg = Release|Win32
		{02D51610-D5C8-44F4-AEE2-E6F33F24155E}.Release|x86.Build.0 = Release|Win32
		{F1771F58-7619-4483-85FE-C0711D50F8B3}.Debug|x64.ActiveCfg = Debug|x64
		{F1771F58-7619-4483-85FE-C0711D50F8B3}.Debug|x64.Build.0 = Debug|x64
		{F1771F58-7619-4483-85FE-C0711D50F8B3}.Debug|x86.ActiveCfg = Debug|Win32
		{F1771F58-7619-4483-85FE-C0711D50F8B3}.Debug|x86.Build.0 = Debug|Win32
		{F1771F58-7619-4483-85FE-C0711D50F8B3}.Release|x64.ActiveCfg = Release|x64
		{F1771F58-7619-4483-85FE-C0711D50F8B3}.Release|x64.Build.0 = Release|x64
		{F1771F58-7619-4483-85FE-C0711D50F8B3}.Release|x86.ActiveCfg = Release|Win32
		{F1771F58-7619-4483-85FE-C0711D50F8B3}.Release|x86.Build.0 = Release|Win32
		{8F3E9505-27DA-4071-A075-7E900438C3D0}.Debug|x64.ActiveCfg = Debug|x64
		{8F3E9505-27DA-4071-A075-7E900438C3D0}.Debug|x64.Build.0 = Debug|x64
		{8F3E9505-27DA-4071-A075-7E900438C3D0}.Debug|x86.ActiveCfg = Debug|Win32
		{8F3E9505-27DA-4071-A075-7E900438C3D0}.Debug|x86.Build.0 = Debug|Win32
		{8F3E9505-27DA-4071-A075-7E900438C3D0}.Release|x64.ActiveCfg = Release|x64
		{8F3E9505-27DA-4071-A075-7E900438C3D0}.Release|x64.Build.0 = Release|x64
		{8F3E9505-27DA-4071-A075-7E900438C3D0}.Release|x86.ActiveCfg = Release|Win32
		{8F3E9505-27DA-4071-A075-7E900438C3D0}.Release|x86.Build.0 = Release|Win32
		{1A9D8A04-BB01-4EA3-855D-E91BF11B53AF}.Debug|x64.ActiveCfg = Debug|x64
		{1A9D8A04-BB01-4EA3-855D-E91BF11B53AF}.Debug|x64.Build.0 = Debug|x64
		{1A9D8A04-BB01-4EA3-855D-E91BF11B53AF}.Debug|x86.ActiveCfg = Debug|Win32
		{1A9D8A04-BB01-4EA3-855D-E91BF11B53AF}.Debug|x86.Build.0 = Debug|Win32
		{1A9D8A04-BB01-4EA3-855D-E91BF11B53AF}.Release|x64.ActiveCfg = Release|x64
		{1A9D8A04-BB01-4EA3-855D-E91BF11B53AF}.Release|x64.Build.0 = Release|x64
		{1A9D8A04-BB01-4EA3-855D-E91BF11B53AF}.Release|x86.ActiveCfg = Release|Win32
		{1A9D8A04-BB01-4EA3-855D-E91BF11B53AF}.Release|x86.Build.0 = Release|Win32
		{B93341D0-7280-4AA7-B302-1FC93F2380D9}.Debug|x64.ActiveCfg = Debug|x64
		{B93341D0-7280-4AA7-B302-1FC93F2380D9}.Debug|x64.Build.0 = Debug|x64
		{B93341D0-7280-4AA7-B302-1FC93F2380D9}.Debug|x86.ActiveCfg = Debug|Win32
		{B93341D0-7280-4AA7-B302-1FC93F2380D9}.Debug|x86.Build.0 = Debug|Win32
		{B93341D0-7280-4AA7-B302-1FC93F2380D9}.Release|x64.ActiveCfg = Release|x64
		{B93341D0-7280-4AA7-B302-1FC93F2380D9}.Release|x64.Build.0 = Release|x64
		{B93341D0-7280-4AA7-B302-1FC93F2380D9}.Release|x86.ActiveCfg = Release|Win32
		{B93341D0-7280-4AA7-B302-1FC93F2380D9}.Release|x86.Build.0 = Release|Win32
		{E90C3F5C-D65C-4E85-94DA-10FBB54FFD09}.Debug|x64.ActiveCfg = Debug|x64
		{E90C3F5C-D65C-4E85-94DA-10FBB54FFD09}.Debug|x64.Build.0 = Debug|x64
		{E90C3F5C-D65C-4E85-94DA-10FBB54FFD09}.Debug|x86.ActiveCfg = Debug|Win32
		{E90C3F5C-D65C-4E85-94DA-10FBB54FFD09}.Debug|x86.Build.0 = Debug|Win32
		{E90C3F5C-D65C-4E85-94DA-10FBB54FFD09}.Release|x64.ActiveCfg = Release|x64
		{E90C3F5C-D65C-4E85-94DA-10FBB54FFD09}.Release|x64.Build.0 = Release|x64
		{E90C3F5C-D65C-4E85-94DA-10FBB54FFD09}.Release|x86.ActiveCfg = Release|Win32
		{E90C3F5C-D65C-4E85-94DA-10FBB54FFD09}.Release|x86.Build.0 = Release|Win32
		{45363064-CDAC-48E8-9E52-6C1C0FF948E3}.Debug|x64.ActiveCfg = Debug|x64
		{45363064-CDAC-48E8-9E52-6C1C0FF948E3}.Debug|x64.Build.0 = Debug|x64
		{45363064-CDAC-48E8-9E52-6C1C0FF948E3}.Debug|x86.ActiveCfg = Debug|Win32
		{45363064-CDAC-48E8-9E52-6C1C0FF948E3}.Debug|x86.Build.0 = Debug|Win32
		{45363064-CDAC-48E8-9E52-6C1C0FF948E3}.Release|x64.ActiveCfg = Release|x64
		{45363064-CDAC-48E8-9E52-6C1C0FF948E3}.Release|x64.Build.0 = Release|x64
		{45363064-CDAC-48E8-9E52-6C1C0FF948E3}.Release|x86.ActiveCfg = Release|Win32
		{45363064-CDAC-48E8-9E52-6C1C0FF948E3}.Release|x86.Build.0 = Release|Win32
		{0D89453C-2825-4817-AF4E-3ABE1B81FFAF}.Debug|x64.ActiveCfg = Debug|x64
		{0D89453C-2825-4817-AF4E-3ABE1B81FFAF}.Debug|x64.Build.0 = Debug|x64
		{0D89453C-2825-4817-AF4E-3ABE1B81FFAF}.Debug|x86.ActiveCfg = Debug|Win32
		{0D89453C-2825-4817-AF4E-3ABE1B81FFAF}.Debug|x86.Build.0 = Debug|Win32
		{0D89453C-2825-4817-AF4E-3ABE1B81FFAF}.Release|x64.ActiveCfg = Release|x64
		{0D89453C-2825-4817-AF4E-3ABE1B81FFAF}.Release|x64.Build.0 = Release|x64
		{0D89453C-2825-4817-AF4E-3ABE1B81FFAF}.Release|x86.ActiveCfg = Release|Win32
		{0D89453C-2825-4817-AF4E-3ABE1B81FFAF}.Release|x86.Build.0 = Release|Win32
		{A05B4C5F-FF6A-4029-AE0F-64986EAE5F02}.Debug|x64.ActiveCfg = Debug|x64
		{A05B4C5F-FF6A-4029-AE0F-64986EAE5F02}.Debug|x64.Build.0 = Debug|x64
		{A05B4C5F-FF6A-4029-AE0F-64986EAE5F02}.Debug|x86.ActiveCfg = Debug|Win32
		{A05B4C5F-FF6A-4029-AE0F-64986EAE5F02}.Debug|x86.Build.0 = Debug|Win32
		{A05B4C5F-FF6A-4029-AE0F-64986EAE5F02}.Release|x64.ActiveCfg = Release|x64
		{A05B4C5F-FF6A-4029-AE0F-64986EAE5F02}.Release|x64.Build.0 = Release|x64
		{A05B4C5F-FF6A-4029-AE0F-64986EAE5F02}.Release|x86.ActiveCfg = Release|Win32
		{A05B4C5F-FF6A-4029-AE0F-64986EAE5F02}.Release|x86.Build.0 = Release|Win32
		{B0A218AA-11EF-442F-918F-6A4475DC0B21}.Debug|x64.ActiveCfg = Debug|x64
		{B0A218AA-11EF-442F-918F-6A4475DC0B21}.Debug|x64.Build.0 = Debug|x64
		{B0A218AA-11EF-442F-918F-6A4475DC0B21}.Debug|x86.ActiveCfg = Debug|Win32
		{B0A218AA-11EF-442F-918F-6A4475DC0B21}.Debug|x86.Build.0 = Debug|Win32
		{B0A218AA-11EF-442F-918F-6A4475DC0B21}.Release|x64.ActiveCfg = Release|x64
		{B0A218AA-11EF-442F-918F-6A4475DC0B21}.Release|x64.Build.0 = Release|x64
		{B0A218AA-11EF-442F-918F-6A4475DC0B21}.Release|x86.ActiveCfg = Release|Win32
		{B0A218AA-11EF-442F-918F-6A4475DC0B21}.Release|x86.Build.0 = Release|Win32
		{294BB16A-0D35-43C4-86D6-71365494EA20}.Debug|x64.ActiveCfg = Debug|x64
		{294BB16A-0D35-43C4-86D6-71365494EA20}.Debug|x64.Build.0 = Debug|x64
		{294BB16A-0D35-43C4-86D6-71365494EA20}.Debug|x86.ActiveCfg = Debug|Win32
		{294BB16A-0D35-43C4-86D6-71365494EA20}.Debug|x86.Build.0 = Debug|Win32
		{294BB16A-0D35-43C4-86D6-71365494EA20}.Release|x64.ActiveCfg = Release|x64
		{294BB16A-0D35-43C4-86D6-71365494EA20}.Release|x64.Build.0 = Release|x64
		{294BB16A-0D35-43C4-86D6-71365494EA20}.Release|x86.ActiveCfg = Release|Win32
		{294BB16A-0D35-43C4-86D6-71365494EA20}.Release|x86.Build.0 = Release|Win32
		{340D7D1B-AA96-4119-AB1F-7E4E3A3F372B}.Debug|x64.ActiveCfg = Debug|x64
		{340D7D1B-AA96-4119-AB1F-7E4E3A3F372B}.Debug|x64.Build.0 = Debug|x64
		{340D7D1B-AA96-4119-AB1F-7E4E3A3F372B}.Debug|x86.ActiveCfg = Debug|Win32
		{340D7D1B-AA96-4119-AB1F-7E4E3A3F372B}.Debug|x86.Build.0 = Debug|Win32
		{340D7D1B-AA96-4119-AB1F-7E4E3A3F372B}.Release|x64.ActiveCfg = Release|x64
		{340D7D1B-AA96-4119-AB1F-7E4E3A3F372B}.Release|x64.Build.0 = Release|x64
		{340D7D1B-AA96-4119-AB1F-7E4E3A3F372B}.Release|x86.ActiveCfg = Release|Win32
		{340D7D1B-AA96-4119-AB1F-7E4E3A3F372B}.Release|x86.Build.0 = Release|Win32
		{CACB960B-A2E9-4CC8-A295-9B77A6304854}.Debug|x64.ActiveCfg = Debug|x64
		{CACB960B-A2E9-4CC8-A295-9B77A6304854}.Debug|x64.Build.0 = Debug|x64
		{CACB960B-A2E9-4CC8-A295-9B77A6304854}.Debug|x86.ActiveCfg = Debug|Win32
		{CACB960B-A2E9-4CC8-A295-9B77A6304854}.Debug|x86.Build.0 = Debug|Win32
		{CACB960B-A2E9-4CC8-A295-9B77A6304854}.Release|x64.ActiveCfg = Release|x64
		{CACB960B-A2E9-4CC8-A295-9B77A6304854}.Release|x64.Build.0 = Release|x64
		{CACB960B-A2E9-4CC8-A295-9B77A6304854}.Release|x86.ActiveCfg = Release|Win32
		{CACB960B-A2E9-4CC8-A295-9B77A6304854}.Release|x86.Build.0 = Release|Win32
		{88FAF31F-2977-441E-A033-FBD52EE84658}.Debug|x64.ActiveCfg = Debug|x64
		{88FAF31F-2977-441E-A033-FBD52EE84658}.Debug|x64.Build.0 = Debug|x64
		{88FAF31F-2977-441E-A033-FBD52EE84658}.Debug|x86.ActiveCfg = Debug|Win32
		{88FAF31F-2977-441E-A033-FBD52EE84658}.Debug|x86.Build.0 = Debug|Win32
		{88FAF31F-2977-441E-A033-FBD52EE84658}.Release|x64.ActiveCfg = Release|x64
		{88FAF31F-2977-441E-A033-FBD52EE84658}.Release|x64.Build.0 = Release|x64
		{88FAF31F-2977-441E-A033-FBD52EE84658}.Release|x86.ActiveCfg = Release|Win32
		{88FAF31F-2977-441E-A033-FBD52EE84658}.Release|x86.Build.0 = Release|Win32
		{BDFACCDA-4045-42FE-9C29-F99338543B99}.Debug|x64.ActiveCfg = Debug|x64
		{BDFACCDA-4045-42FE-9C29-F99338543B99}.Debug|x64.Build.0 = Debug|x64
		{BDFACCDA-4045-42FE-9C29-F99338543B99}.Debug|x86.ActiveCfg = Debug|Win32
		{BDFACCDA-4045-42FE-9C29-F99338543B99}.Debug|x86.Build.0 = Debug|Win32
		{BDFACCDA-4045-42FE-9C29-F99338543B99}.Release|x64.ActiveCfg = Release|x64
		{BDFACCDA-4045-42FE-9C29-F99338543B99}.Release|x64.Build.0 = Release|x64
		{BDFACCDA-4045-42FE-9C29-F99338543B99}.Release|x86.ActiveCfg = Release|Win32
		{BDFACCDA-4045-42FE-9C29-F99338543B99}.Release|x86.Build.0 = Release|Win32
		{C2D44E90-6FEB-4516-83DE-57CAE378A49C}.Debug|x64.ActiveCfg = Debug|x64
		{C2D44E90-6FEB-4516-83DE-57CAE378A49C}.Debug|x64.Build.0 = Debug|x64
		{C2D44E90-6FEB-4516-83DE-57CAE378A49C}.Debug|x86.ActiveCfg = Debug|Win32
		{C2D44E90-6FEB-4516-83DE-57CAE378A49C}.Debug|x86.Build.0 = Debug|Win32
		{C2D44E90-6FEB-4516-83DE-57CAE378A49C}.Release|x64.ActiveCfg = Release|x64
		{C2D44E90-6FEB-4516-83DE-57CAE378A49C}.Release|x64.Build.0 = Release|x64
		{C2D44E90-6FEB-4516-83DE-57CAE378A49C}.Release|x86.ActiveCfg = Release|Win32
		{C2D44E90-6FEB-4516-83DE-57CAE378A49C}.Release|x86.Build.0 = Release|Win32
	EndGlobalSection
	GlobalSection(SolutionProperties) = preSolution
		HideSolutionNode = FALSE
	EndGlobalSection
	GlobalSection(ExtensibilityGlobals) = postSolution
		SolutionGuid = {D292EB85-EA8F-4925-8B76-500AAEE35AF4}
	EndGlobalSection
EndGlobal
